
Microsoft Visual Studio Solution File, Format Version 12.00
# Visual Studio Version 17
VisualStudioVersion = 17.5.33424.131
MinimumVisualStudioVersion = 10.0.40219.1
Project("{FAE04EC0-301F-11D3-BF4B-00C04F79EFBC}") = "220918", "Practice1\220918.csproj", "{B839C0E0-B0DE-4A7A-8D77-D229BD3F519B}"
	ProjectSection(ProjectDependencies) = postProject
		{600B3C5F-459C-4B5D-A4A6-A0DF0AF4D7C6} = {600B3C5F-459C-4B5D-A4A6-A0DF0AF4D7C6}
	EndProjectSection
EndProject
Project("{FAE04EC0-301F-11D3-BF4B-00C04F79EFBC}") = "220925", "220925\220925.csproj", "{DF8C683B-BCD9-4140-9BBB-4047D0BFB287}"
EndProject
Project("{FAE04EC0-301F-11D3-BF4B-00C04F79EFBC}") = "220925Assignment", "220925Assignment\220925Assignment.csproj", "{4BB351D8-6F8D-447E-95C9-383D5F3FF981}"
EndProject
Project("{FAE04EC0-301F-11D3-BF4B-00C04F79EFBC}") = "221003", "221003\221003.csproj", "{9318637C-F8AD-43A8-9297-67B7A34FD146}"
EndProject
Project("{FAE04EC0-301F-11D3-BF4B-00C04F79EFBC}") = "221003Assignment1", "221003Assignment\221003Assignment1.csproj", "{84C1171F-A431-487B-BDD9-10D4D8D43983}"
EndProject
Project("{FAE04EC0-301F-11D3-BF4B-00C04F79EFBC}") = "221003Assignment2", "221003Assignment2\221003Assignment2.csproj", "{A2378086-BDB0-4BD3-9235-E62EB5A7649B}"
EndProject
Project("{FAE04EC0-301F-11D3-BF4B-00C04F79EFBC}") = "221010", "221010\221010.csproj", "{ECC7A1DD-3205-429D-8776-701D31147F55}"
EndProject
Project("{FAE04EC0-301F-11D3-BF4B-00C04F79EFBC}") = "221023Assignment1", "221023Assignment1\221023Assignment1.csproj", "{EB089D6C-8E4E-4B35-9083-265A3BB6DF5F}"
EndProject
Project("{FAE04EC0-301F-11D3-BF4B-00C04F79EFBC}") = "221023Assignment2", "221023Assignment2\221023Assignment2.csproj", "{3C01F09B-A5AD-472A-B7C3-29544461849C}"
EndProject
Project("{FAE04EC0-301F-11D3-BF4B-00C04F79EFBC}") = "221023Assignment3", "221023Assignment3\221023Assignment3.csproj", "{600B3C5F-459C-4B5D-A4A6-A0DF0AF4D7C6}"
EndProject
Project("{FAE04EC0-301F-11D3-BF4B-00C04F79EFBC}") = "221030RumNumGame", "221030RumNumGame\221030RumNumGame.csproj", "{A8951BAF-41E0-4801-ADBF-7E0F924B7FB4}"
EndProject
Project("{FAE04EC0-301F-11D3-BF4B-00C04F79EFBC}") = "221106", "221106\221106.csproj", "{FB4F52E5-ECA4-4890-B92E-B09490FB234C}"
EndProject
Project("{FAE04EC0-301F-11D3-BF4B-00C04F79EFBC}") = "221106Assignment", "221106Assignment\221106Assignment.csproj", "{74C5FDD1-CE64-4427-A6F9-61FDB9063B4F}"
EndProject
Project("{9A19103F-16F7-4668-BE54-9A1E7A4F7556}") = "221106Assignment_re", "221106Assignment_re\221106Assignment_re.csproj", "{140952AA-BD85-4FC8-A6B1-0BC052E643B4}"
EndProject
Project("{FAE04EC0-301F-11D3-BF4B-00C04F79EFBC}") = "221113", "221113\221113.csproj", "{FB5D05FA-14B7-4B58-BF6C-831C617029DC}"
EndProject
Project("{FAE04EC0-301F-11D3-BF4B-00C04F79EFBC}") = "221113_re", "221113_re\221113_re.csproj", "{57235F06-5830-4435-873E-DC8F53FDEB8F}"
EndProject
Project("{FAE04EC0-301F-11D3-BF4B-00C04F79EFBC}") = "221127", "221127\221127.csproj", "{BBF780D3-76F6-4628-BFD8-F5A4F2C5AC6F}"
EndProject
Project("{9A19103F-16F7-4668-BE54-9A1E7A4F7556}") = "221127_class_Super,Sub2", "221127_class_Super,Sub2\221127_class_Super,Sub2.csproj", "{CF425953-193F-48EF-8605-E5A71F4E2047}"
EndProject
Project("{9A19103F-16F7-4668-BE54-9A1E7A4F7556}") = "221127_class_Super,Sub3", "221127_class_Super,Sub3\221127_class_Super,Sub3.csproj", "{8EF6F9C4-DB79-4E7E-98D8-3ADE62E5A863}"
EndProject
Project("{9A19103F-16F7-4668-BE54-9A1E7A4F7556}") = "221127Assignment1", "221127Assignment1\221127Assignment1.csproj", "{6A8B20B8-07A6-445C-A33B-1E43844BFEC9}"
EndProject
Project("{9A19103F-16F7-4668-BE54-9A1E7A4F7556}") = "221127Assignment2", "221127Assignment2\221127Assignment2.csproj", "{6D111BFA-0DEC-4E48-B23C-D5A4CEADA97A}"
EndProject
Project("{9A19103F-16F7-4668-BE54-9A1E7A4F7556}") = "221204", "221204\221204.csproj", "{DB4B8F67-CE25-4257-AA2E-3268059DB863}"
EndProject
Project("{9A19103F-16F7-4668-BE54-9A1E7A4F7556}") = "221204_Override", "221204_Override\221204_Override.csproj", "{0BA1E49A-AC32-4CA4-9096-AEC3AFA84E97}"
EndProject
Project("{9A19103F-16F7-4668-BE54-9A1E7A4F7556}") = "221204Assignment1", "221204Assignment1\221204Assignment1.csproj", "{5209DAF0-CBA2-4E15-96BB-524203F52FF7}"
EndProject
Project("{9A19103F-16F7-4668-BE54-9A1E7A4F7556}") = "221204Assignment2", "221204Assignment2\221204Assignment2.csproj", "{4A5ADDF4-6046-4244-839F-2F678C99775B}"
EndProject
Project("{9A19103F-16F7-4668-BE54-9A1E7A4F7556}") = "221218_OverrideInGame", "221218_OverrideInGame\221218_OverrideInGame.csproj", "{A5C548CC-6870-417C-A235-93E290FBAA05}"
EndProject
Project("{9A19103F-16F7-4668-BE54-9A1E7A4F7556}") = "221218_class_HAS-A", "221218_class_HAS-A\221218_class_HAS-A.csproj", "{47955771-B23B-4321-930E-32349ACD3BD1}"
EndProject
Project("{9A19103F-16F7-4668-BE54-9A1E7A4F7556}") = "221218_class_partial", "221218_class_partial\221218_class_partial.csproj", "{16B82EE3-74E4-4186-9F76-FE53EB733339}"
EndProject
Project("{9A19103F-16F7-4668-BE54-9A1E7A4F7556}") = "221218_Extension Methods", "221218_Extension Methods\221218_Extension Methods.csproj", "{1FF03854-646B-4DDE-838F-A2E1D82575F2}"
EndProject
Project("{9A19103F-16F7-4668-BE54-9A1E7A4F7556}") = "221218_struct", "221218_struct\221218_struct.csproj", "{0E9F5758-5EB3-4886-AE38-A584EDB44978}"
EndProject
Project("{9A19103F-16F7-4668-BE54-9A1E7A4F7556}") = "221218Assignment1", "221218Assignment1\221218Assignment1.csproj", "{4757583A-F8A8-476F-9EB7-A923E79514CF}"
EndProject
Project("{9A19103F-16F7-4668-BE54-9A1E7A4F7556}") = "221218Assignment2", "221218Assignment2\221218Assignment2.csproj", "{C129A075-5C10-4ABD-836D-33B12520A4C6}"
EndProject
Project("{9A19103F-16F7-4668-BE54-9A1E7A4F7556}") = "221225_interface", "221225_interface\221225_interface.csproj", "{4D38CAA7-F010-4463-A129-1EE87999DA92}"
EndProject
Project("{9A19103F-16F7-4668-BE54-9A1E7A4F7556}") = "221225Assignment", "221225Assignment\221225Assignment.csproj", "{ABBB83EF-AE44-4849-9BEF-9A0E220BFE73}"
EndProject
Project("{9A19103F-16F7-4668-BE54-9A1E7A4F7556}") = "230101_AbstractClass", "230101_AbstractClass\230101_AbstractClass.csproj", "{A5D5FB48-3105-42D7-BBD3-9E7807637DD9}"
EndProject
Project("{9A19103F-16F7-4668-BE54-9A1E7A4F7556}") = "230101_get,set", "230101_get,set\230101_get,set.csproj", "{EA5D377D-04F0-4A83-9E88-4BB929888AE8}"
EndProject
Project("{9A19103F-16F7-4668-BE54-9A1E7A4F7556}") = "230101_UnitGame", "230101_UnitGame\230101_UnitGame.csproj", "{3ADF1AA9-CD88-429D-8301-E98113E537F7}"
EndProject
Project("{9A19103F-16F7-4668-BE54-9A1E7A4F7556}") = "230108_ArrayList", "230108_ArrayList\230108_ArrayList.csproj", "{61C14EA5-975F-403E-A0EA-077CB935F6A8}"
EndProject
Project("{9A19103F-16F7-4668-BE54-9A1E7A4F7556}") = "230108_Queue", "230108_Queue\230108_Queue.csproj", "{AAC999DD-30C3-486A-BC05-2CBAE467723A}"
EndProject
Project("{9A19103F-16F7-4668-BE54-9A1E7A4F7556}") = "230108_Stack", "230108_Stack\230108_Stack.csproj", "{1CB46BF1-FB13-40B1-8265-10E00A069631}"
EndProject
Project("{9A19103F-16F7-4668-BE54-9A1E7A4F7556}") = "230108_Hashtable", "230108_Hashtable\230108_Hashtable.csproj", "{3DAD608F-60B1-419A-AD54-3AB33F9ECB98}"
EndProject
Project("{9A19103F-16F7-4668-BE54-9A1E7A4F7556}") = "230108_Indexer", "230108_Indexer\230108_Indexer.csproj", "{361796B1-EA04-43B0-B544-3335904B3F87}"
EndProject
Project("{9A19103F-16F7-4668-BE54-9A1E7A4F7556}") = "230108Assignment1", "230108Assignment1\230108Assignment1.csproj", "{71940549-3EC7-44BB-8B00-D13E3A7A583C}"
EndProject
Project("{9A19103F-16F7-4668-BE54-9A1E7A4F7556}") = "230108Assignment2", "230108Assignment2\230108Assignment2.csproj", "{E083D0BA-B89F-433F-A83B-14E98FC123FB}"
EndProject
Project("{9A19103F-16F7-4668-BE54-9A1E7A4F7556}") = "230115_Generic", "230115_Generic\230115_Generic.csproj", "{2F83FF87-3BD8-446F-8688-69D7A3093606}"
EndProject
Project("{9A19103F-16F7-4668-BE54-9A1E7A4F7556}") = "230115_Generic2", "230115_Generic2\230115_Generic2.csproj", "{DDEFAC14-7897-4B00-8B19-528935940B4C}"
EndProject
Project("{9A19103F-16F7-4668-BE54-9A1E7A4F7556}") = "230115_Dynamic", "230115_Dynamic\230115_Dynamic.csproj", "{2D0D2B9E-5C5C-402B-96D6-17C8F76C0BB2}"
EndProject
Project("{9A19103F-16F7-4668-BE54-9A1E7A4F7556}") = "230124", "230124\230124.csproj", "{66BA1B05-B27B-4320-8232-186C7B0CEEB1}"
EndProject
Project("{9A19103F-16F7-4668-BE54-9A1E7A4F7556}") = "230124Assignment1_128", "230124Assignment1_128\230124Assignment1_128.csproj", "{42EDB3B6-DA4C-47C1-8D30-A6C25CAFBF50}"
EndProject
Project("{9A19103F-16F7-4668-BE54-9A1E7A4F7556}") = "230124Assignment2_129", "230124Assignment2_129\230124Assignment2_129.csproj", "{3C24A1F8-A158-4BE1-A203-D8B4F6A2BC4C}"
EndProject
Project("{9A19103F-16F7-4668-BE54-9A1E7A4F7556}") = "230124Assignment3_151", "230124Assignment3_151\230124Assignment3_151.csproj", "{F4D27365-7799-4B1C-9662-8AE6BC0DEB1A}"
EndProject
Project("{9A19103F-16F7-4668-BE54-9A1E7A4F7556}") = "230124Assignment4_152", "230124Assignment4_152\230124Assignment4_152.csproj", "{63BAA071-2EEA-4CE8-A1BF-F7C6D116EDD7}"
EndProject
Project("{9A19103F-16F7-4668-BE54-9A1E7A4F7556}") = "230124Assignment5_153", "230124Assignment5_153\230124Assignment5_153.csproj", "{341A912F-C270-4645-ABEB-8CEBE46F7A2F}"
EndProject
Project("{9A19103F-16F7-4668-BE54-9A1E7A4F7556}") = "230124Assignment6_154", "230124Assignment6_154\230124Assignment6_154.csproj", "{9059C7B8-7982-4475-9916-8E7F0978647D}"
EndProject
Project("{9A19103F-16F7-4668-BE54-9A1E7A4F7556}") = "230124Assignment7_155", "230124Assignment7_155\230124Assignment7_155.csproj", "{90BDA6CA-CE80-43A0-89EC-6AF9AB47B1D7}"
EndProject
Project("{9A19103F-16F7-4668-BE54-9A1E7A4F7556}") = "230124Assignment8_156", "230124Assignment8_156\230124Assignment8_156.csproj", "{1547746B-F1D4-4CD0-BA06-1690990604C4}"
EndProject
Project("{9A19103F-16F7-4668-BE54-9A1E7A4F7556}") = "230124Assignment9_157", "230124Assignment9_157\230124Assignment9_157.csproj", "{688C24A4-53AA-4DC5-9B3E-CD8EDC32068D}"
EndProject
Project("{9A19103F-16F7-4668-BE54-9A1E7A4F7556}") = "230124Assignment10_158", "230124Assignment10_158\230124Assignment10_158.csproj", "{FB6FD0BC-B56F-434A-9B0C-AAF841C58069}"
EndProject
Project("{9A19103F-16F7-4668-BE54-9A1E7A4F7556}") = "230124Assignment11_159", "230124Assignment11_159\230124Assignment11_159.csproj", "{91BCF5F8-9219-402A-830A-CC4DA29951E9}"
EndProject
Project("{9A19103F-16F7-4668-BE54-9A1E7A4F7556}") = "230129", "230129\230129.csproj", "{7F5AE456-8E1D-42D7-900D-A3D399740057}"
EndProject
Project("{9A19103F-16F7-4668-BE54-9A1E7A4F7556}") = "230129Assignment1_188", "230129Assignment1_188\230129Assignment1_188.csproj", "{044A5803-CBBE-4AA2-AC2B-469899B05962}"
EndProject
Project("{9A19103F-16F7-4668-BE54-9A1E7A4F7556}") = "230129Assignment3_190", "230129Assignment3_190\230129Assignment3_190.csproj", "{D322FA6F-A16B-4EE8-ADF9-B0D53836719A}"
EndProject
Project("{9A19103F-16F7-4668-BE54-9A1E7A4F7556}") = "230129Assignment4_191", "230129Assignment4_191\230129Assignment4_191.csproj", "{B3B266FD-6249-4A30-B1B5-B537FEFCF785}"
EndProject
Project("{9A19103F-16F7-4668-BE54-9A1E7A4F7556}") = "230129Assignment5_192", "230129Assignment5_192\230129Assignment5_192.csproj", "{C0EF5D6A-E32A-4641-9498-4A072F5BB3B9}"
EndProject
Project("{9A19103F-16F7-4668-BE54-9A1E7A4F7556}") = "230129Assignment6_193", "230129Assignment6_193\230129Assignment6_193.csproj", "{EFEC75DE-8E57-448D-B920-2E342AD3E017}"
EndProject
Project("{9A19103F-16F7-4668-BE54-9A1E7A4F7556}") = "230129Assignment7_194", "230129Assignment7_194\230129Assignment7_194.csproj", "{4C114060-93F9-41FD-AA3C-AD921BE29A85}"
EndProject
Project("{9A19103F-16F7-4668-BE54-9A1E7A4F7556}") = "230129Assignment8_195", "230129Assignment8_195\230129Assignment8_195.csproj", "{B4071EDB-14D7-47AC-9870-8613498710F5}"
EndProject
Project("{9A19103F-16F7-4668-BE54-9A1E7A4F7556}") = "230129Assignment9_196", "230129Assignment9_196\230129Assignment9_196.csproj", "{1A4F802A-FE72-4CF5-AEDF-6E1942288A6C}"
EndProject
Project("{9A19103F-16F7-4668-BE54-9A1E7A4F7556}") = "230129Assignment10_197", "230129Assignment10_197\230129Assignment10_197.csproj", "{607B7FD9-7098-4027-8874-3BB0DAF0555C}"
EndProject
Project("{9A19103F-16F7-4668-BE54-9A1E7A4F7556}") = "230129Assignment11_198", "230129Assignment11_198\230129Assignment11_198.csproj", "{F0AA7C99-6126-4818-A2D1-FE125E05C17D}"
EndProject
Project("{9A19103F-16F7-4668-BE54-9A1E7A4F7556}") = "230129Assignment12_199", "230129Assignment12_199\230129Assignment12_199.csproj", "{0C0764AD-2321-4203-B9BD-0043659F20D2}"
EndProject
Project("{9A19103F-16F7-4668-BE54-9A1E7A4F7556}") = "230129Assignment2_189", "230129Assignment2_189\230129Assignment2_189.csproj", "{490645A2-E000-4026-A56A-CEA57DE05373}"
EndProject
Project("{9A19103F-16F7-4668-BE54-9A1E7A4F7556}") = "230204", "230204\230204.csproj", "{65482804-6891-4BB6-BA47-FFB548C7BE92}"
EndProject
Project("{9A19103F-16F7-4668-BE54-9A1E7A4F7556}") = "230204_Method", "230204_Method\230204_Method.csproj", "{7FB155F2-5B63-4CC5-A46D-F943EF03B1A2}"
EndProject
Project("{9A19103F-16F7-4668-BE54-9A1E7A4F7556}") = "230204Assignment1_227", "230204Assignment1_227\230204Assignment1_227.csproj", "{E1A1B33C-1BF7-4BB6-B6DC-9B064AF3013B}"
EndProject
Project("{9A19103F-16F7-4668-BE54-9A1E7A4F7556}") = "230204Assignment2_228", "230204Assignment2_228\230204Assignment2_228.csproj", "{5322A82D-E08F-4600-BE51-2983F3A31733}"
EndProject
Project("{9A19103F-16F7-4668-BE54-9A1E7A4F7556}") = "230204Assignment3_232", "230204Assignment3_232\230204Assignment3_232.csproj", "{DE6E7FF2-C4A2-461B-B81C-B91A76FF6137}"
EndProject
Project("{9A19103F-16F7-4668-BE54-9A1E7A4F7556}") = "230204Assignment4_233", "230204Assignment4_233\230204Assignment4_233.csproj", "{6926A8CB-36A1-4860-BA59-E059D0C174A6}"
EndProject
Project("{9A19103F-16F7-4668-BE54-9A1E7A4F7556}") = "230204Assignment5_234", "230204Assignment5_234\230204Assignment5_234.csproj", "{E4C108FB-D4CD-40ED-84AA-7BB0E55C7EA5}"
EndProject
Project("{9A19103F-16F7-4668-BE54-9A1E7A4F7556}") = "230204Assignment6_235", "230204Assignment6_235\230204Assignment6_235.csproj", "{F611FC87-69BE-4404-9022-47AF5204F1D9}"
EndProject
Project("{9A19103F-16F7-4668-BE54-9A1E7A4F7556}") = "230204Assignment7_236", "230204Assignment7_236\230204Assignment7_236.csproj", "{429E3147-32F6-47A5-80AB-D251C851BAF6}"
EndProject
Project("{2150E333-8FDC-42A3-9474-1A3956D46DE8}") = "Solution Items", "Solution Items", "{40E05EB3-6E33-4467-8C30-693603458341}"
	ProjectSection(SolutionItems) = preProject
		230204Assignment8_237\230204Assignment8_237.csproj = 230204Assignment8_237\230204Assignment8_237.csproj
	EndProjectSection
EndProject
Project("{9A19103F-16F7-4668-BE54-9A1E7A4F7556}") = "230204Assignment8_237", "230204Assignment8_237\230204Assignment8_237.csproj", "{486C2D8D-A2A8-47E0-93E5-9CA179633831}"
EndProject
Project("{9A19103F-16F7-4668-BE54-9A1E7A4F7556}") = "230204Assignment9_238", "230204Assignment9_238\230204Assignment9_238.csproj", "{6D61F35F-A22B-4707-B28D-F8B0E7CF4FC6}"
EndProject
Project("{9A19103F-16F7-4668-BE54-9A1E7A4F7556}") = "230204Assignment10_239", "230204Assignment10_239\230204Assignment10_239.csproj", "{982D16D8-605A-45BD-BAF0-4A3C2262961E}"
EndProject
Project("{9A19103F-16F7-4668-BE54-9A1E7A4F7556}") = "230204Assignment11_240", "230204Assignment11_240\230204Assignment11_240.csproj", "{58B1A286-FE40-4BAA-BDFE-8BE758EF425C}"
EndProject
Project("{9A19103F-16F7-4668-BE54-9A1E7A4F7556}") = "230212", "230212\230212.csproj", "{FE72D209-B1AA-4BB0-BD05-74B58CA645A8}"
EndProject
Project("{9A19103F-16F7-4668-BE54-9A1E7A4F7556}") = "230212_Class2", "230212_Class2\230212_Class2.csproj", "{262988A5-C392-40E4-AEDB-1A18DCAC74EB}"
EndProject
Project("{9A19103F-16F7-4668-BE54-9A1E7A4F7556}") = "230212Assignment1_271", "230212Assignment1_271\230212Assignment1_271.csproj", "{1FA3656F-4762-4644-A990-C3B7D0F31008}"
EndProject
Project("{9A19103F-16F7-4668-BE54-9A1E7A4F7556}") = "230212Assignment2_272", "230212Assignment2_272\230212Assignment2_272.csproj", "{A32A3D4B-4636-42F1-9335-29DEA7C26D7C}"
EndProject
Project("{9A19103F-16F7-4668-BE54-9A1E7A4F7556}") = "230212Assignment3_273", "230212Assignment3_273\230212Assignment3_273.csproj", "{22385E6E-DBF2-4EAC-998E-754AFAFA21AF}"
EndProject
Project("{9A19103F-16F7-4668-BE54-9A1E7A4F7556}") = "230212Assignment4_274", "230212Assignment4_274\230212Assignment4_274.csproj", "{30FE2ABF-2E69-4096-8046-34FFC8C1FC27}"
EndProject
Project("{9A19103F-16F7-4668-BE54-9A1E7A4F7556}") = "230212Assignment5_275", "230212Assignment5_275\230212Assignment5_275.csproj", "{8FBEEA5F-B33C-4E64-9F2E-DADDF9DE8D4E}"
EndProject
Project("{9A19103F-16F7-4668-BE54-9A1E7A4F7556}") = "230212Assignment6_276", "230212Assignment6_276\230212Assignment6_276.csproj", "{A4DAE990-0399-44A3-98C5-3F12ACE3B68D}"
EndProject
Project("{9A19103F-16F7-4668-BE54-9A1E7A4F7556}") = "230212Assignment7_277", "230212Assignment7_277\230212Assignment7_277.csproj", "{BB93161A-29D7-4569-9F68-D2E298EDFE94}"
EndProject
Project("{9A19103F-16F7-4668-BE54-9A1E7A4F7556}") = "230212Assignment8_278", "230212Assignment8_278\230212Assignment8_278.csproj", "{6FD9EC11-09F2-4110-9C8A-FC3B5AC5E66D}"
EndProject
Project("{9A19103F-16F7-4668-BE54-9A1E7A4F7556}") = "230212Assignment9_279", "230212Assignment9_279\230212Assignment9_279.csproj", "{1CBAF068-F496-4141-A2D3-07711848813B}"
EndProject
Project("{9A19103F-16F7-4668-BE54-9A1E7A4F7556}") = "230212Assignment10_280", "230212Assignment10_280\230212Assignment10_280.csproj", "{4FD2658D-6335-47E0-92BD-8BE3F67EB89A}"
EndProject
Project("{9A19103F-16F7-4668-BE54-9A1E7A4F7556}") = "230219_where", "230219_where\230219_where.csproj", "{E7E54C6B-5EE6-4109-A09A-5BA54DBCFB7D}"
EndProject
Project("{9A19103F-16F7-4668-BE54-9A1E7A4F7556}") = "230219_Generic", "230219_Generic\230219_Generic.csproj", "{ABC30E4C-C64F-4A38-AB82-D4F59F3F4D61}"
EndProject
Project("{9A19103F-16F7-4668-BE54-9A1E7A4F7556}") = "230219Assignment", "230219Assignment\230219Assignment.csproj", "{31354E18-E2E6-4B4A-87A7-2FFB98A42DA5}"
EndProject
Project("{9A19103F-16F7-4668-BE54-9A1E7A4F7556}") = "230219Assignment2_Override", "230219Assignment2_Override\230219Assignment2_Override.csproj", "{8A376DC0-95F7-4EAA-87A2-6B159C8042E1}"
EndProject
Project("{9A19103F-16F7-4668-BE54-9A1E7A4F7556}") = "230219Assignment3_Constructor", "230219Assignment3_Constructor\230219Assignment3_Constructor.csproj", "{D5DC0A08-CBFE-4DE0-987A-59FD4D421E0C}"
EndProject
Project("{9A19103F-16F7-4668-BE54-9A1E7A4F7556}") = "230305_List", "230305_List\230305_List.csproj", "{CC7F87AD-434C-42D2-8BA0-40800A1A1087}"
EndProject
Project("{9A19103F-16F7-4668-BE54-9A1E7A4F7556}") = "230305_Queue", "230305_Queue\230305_Queue.csproj", "{3100943D-39DA-47C9-B46F-0C9114EE107D}"
EndProject
Project("{9A19103F-16F7-4668-BE54-9A1E7A4F7556}") = "230305_Stack", "230305_Stack\230305_Stack.csproj", "{21CAB7C3-293B-4A3A-8541-5B0114F3631C}"
EndProject
Project("{9A19103F-16F7-4668-BE54-9A1E7A4F7556}") = "230305_Dictionary", "230305_Dictionary\230305_Dictionary.csproj", "{522D6D88-E361-49A5-AF84-E64D246B4557}"
EndProject
Project("{FAE04EC0-301F-11D3-BF4B-00C04F79EFBC}") = "230402_TryCatch", "230402_TryCatch\230402_TryCatch.csproj", "{932FBE32-BE94-43CE-AD7D-909CB043F92D}"
EndProject
Project("{FAE04EC0-301F-11D3-BF4B-00C04F79EFBC}") = "230402_Exception", "230402_Exception\230402_Exception.csproj", "{871FA5A9-0153-4678-94E1-B96572854C05}"
EndProject
Project("{FAE04EC0-301F-11D3-BF4B-00C04F79EFBC}") = "230402_throw", "230402_throw\230402_throw.csproj", "{4E3F89CF-028C-4D3D-880A-2C0FE9EF7123}"
EndProject
Project("{FAE04EC0-301F-11D3-BF4B-00C04F79EFBC}") = "230402_finally", "230402_finally\230402_finally.csproj", "{5ECBDE88-632A-43A2-BFA0-D0AE85DEE190}"
EndProject
Project("{FAE04EC0-301F-11D3-BF4B-00C04F79EFBC}") = "230402_customException", "230402_customException\230402_customException.csproj", "{460C6F65-56D5-4C24-A13B-117AF2D55222}"
EndProject
Project("{FAE04EC0-301F-11D3-BF4B-00C04F79EFBC}") = "230402_delegate", "230402_delegate\230402_delegate.csproj", "{E43C640B-7009-4771-A2DE-C48C94D7768C}"
EndProject
Project("{FAE04EC0-301F-11D3-BF4B-00C04F79EFBC}") = "230402_delegateDeclare", "230402_delegateDeclare\230402_delegateDeclare.csproj", "{21EB3E45-3D2F-45AE-BBF8-90CADDAFADDC}"
EndProject
Project("{FAE04EC0-301F-11D3-BF4B-00C04F79EFBC}") = "230402", "230402\230402.csproj", "{F58F6F61-74F6-4021-940B-12C104F38CE1}"
EndProject
Project("{FAE04EC0-301F-11D3-BF4B-00C04F79EFBC}") = "230409_delegateFunc", "230409_delegateFunc\230409_delegateFunc.csproj", "{70CB4C1B-148C-4103-BA1F-F91B52BF905C}"
EndProject
Project("{FAE04EC0-301F-11D3-BF4B-00C04F79EFBC}") = "230409_delegateEvent", "230409_delegateEvent\230409_delegateEvent.csproj", "{EA6668E3-CDC1-4DDF-ACE7-A6D02D56EC25}"
EndProject
Project("{FAE04EC0-301F-11D3-BF4B-00C04F79EFBC}") = "230409_ramda", "230409_ramda\230409_ramda.csproj", "{08B545D9-EFE2-45BC-85EC-CA706F703B0B}"
EndProject
Project("{FAE04EC0-301F-11D3-BF4B-00C04F79EFBC}") = "230409_listRambda", "230409_listRambda\230409_listRambda.csproj", "{D3A5585D-657C-4D65-A30F-BABC970FBB6B}"
EndProject
Project("{FAE04EC0-301F-11D3-BF4B-00C04F79EFBC}") = "230409_Func,delegate,rambda", "230409_Func,delegate,rambda\230409_Func,delegate,rambda.csproj", "{888FF461-8449-4B86-8EA2-760385F89545}"
EndProject
Project("{FAE04EC0-301F-11D3-BF4B-00C04F79EFBC}") = "230409Homework1", "230409Homework1\230409Homework1.csproj", "{2A2C29A2-150A-483C-96B5-CF25765A63CC}"
EndProject
Project("{FAE04EC0-301F-11D3-BF4B-00C04F79EFBC}") = "230409Homework2", "230409Homework2\230409Homework2.csproj", "{421D4FBA-9558-4826-9D06-9E67EECA37C1}"
EndProject
Project("{FAE04EC0-301F-11D3-BF4B-00C04F79EFBC}") = "230409Homework3", "230409Homework3\230409Homework3.csproj", "{39A80836-C08E-4F7B-AAB7-0F93CD41B70D}"
EndProject
Project("{FAE04EC0-301F-11D3-BF4B-00C04F79EFBC}") = "230423_Action,Func", "230423_Action,Func\230423_Action,Func.csproj", "{497CA9BC-8DC9-40BD-A184-5167037BEFA7}"
EndProject
Project("{FAE04EC0-301F-11D3-BF4B-00C04F79EFBC}") = "230423_LINQ", "230423_LINQ\230423_LINQ.csproj", "{49E4FE66-A1BB-44BB-8291-2D43E46555F1}"
EndProject
Project("{FAE04EC0-301F-11D3-BF4B-00C04F79EFBC}") = "230423_select", "230423_select\230423_select.csproj", "{7E7E5F5A-A4B3-4ED0-BB26-2567EF5803DF}"
EndProject
Project("{FAE04EC0-301F-11D3-BF4B-00C04F79EFBC}") = "230423_orderby", "230423_orderby\230423_orderby.csproj", "{4F959DED-375A-4701-85E1-A5206A8E74DB}"
EndProject
Project("{FAE04EC0-301F-11D3-BF4B-00C04F79EFBC}") = "230423_group", "230423_group\230423_group.csproj", "{E3C33B3A-0843-4158-8015-C1B88BE0D27B}"
EndProject
Project("{FAE04EC0-301F-11D3-BF4B-00C04F79EFBC}") = "2320423_group2", "2320423_group2\2320423_group2.csproj", "{4757EEA8-BB8D-4D63-B615-CF2274CC6C1B}"
EndProject
Project("{FAE04EC0-301F-11D3-BF4B-00C04F79EFBC}") = "230423Homework", "230423Homework\230423Homework.csproj", "{F538B4FA-1CFB-493F-8DEF-264CE0AF86BC}"
EndProject
Project("{FAE04EC0-301F-11D3-BF4B-00C04F79EFBC}") = "230507_join", "230507_join\230507_join.csproj", "{1CA2A0B5-84BF-4464-B7C3-07EF2EADD9EE}"
EndProject
Project("{FAE04EC0-301F-11D3-BF4B-00C04F79EFBC}") = "230507_join2", "230507_join2\230507_join2.csproj", "{EAF08B3B-F4A5-485A-948E-8DA394C9EBD6}"
EndProject
Project("{FAE04EC0-301F-11D3-BF4B-00C04F79EFBC}") = "230507_test", "230507_test\230507_test.csproj", "{874E74B8-DFB7-4803-BDC5-B9465A977616}"
EndProject
Global
	GlobalSection(SolutionConfigurationPlatforms) = preSolution
		Debug|Any CPU = Debug|Any CPU
		Release|Any CPU = Release|Any CPU
	EndGlobalSection
	GlobalSection(ProjectConfigurationPlatforms) = postSolution
		{B839C0E0-B0DE-4A7A-8D77-D229BD3F519B}.Debug|Any CPU.ActiveCfg = Debug|Any CPU
		{B839C0E0-B0DE-4A7A-8D77-D229BD3F519B}.Debug|Any CPU.Build.0 = Debug|Any CPU
		{B839C0E0-B0DE-4A7A-8D77-D229BD3F519B}.Release|Any CPU.ActiveCfg = Release|Any CPU
		{B839C0E0-B0DE-4A7A-8D77-D229BD3F519B}.Release|Any CPU.Build.0 = Release|Any CPU
		{DF8C683B-BCD9-4140-9BBB-4047D0BFB287}.Debug|Any CPU.ActiveCfg = Debug|Any CPU
		{DF8C683B-BCD9-4140-9BBB-4047D0BFB287}.Debug|Any CPU.Build.0 = Debug|Any CPU
		{DF8C683B-BCD9-4140-9BBB-4047D0BFB287}.Release|Any CPU.ActiveCfg = Release|Any CPU
		{DF8C683B-BCD9-4140-9BBB-4047D0BFB287}.Release|Any CPU.Build.0 = Release|Any CPU
		{4BB351D8-6F8D-447E-95C9-383D5F3FF981}.Debug|Any CPU.ActiveCfg = Debug|Any CPU
		{4BB351D8-6F8D-447E-95C9-383D5F3FF981}.Debug|Any CPU.Build.0 = Debug|Any CPU
		{4BB351D8-6F8D-447E-95C9-383D5F3FF981}.Release|Any CPU.ActiveCfg = Release|Any CPU
		{4BB351D8-6F8D-447E-95C9-383D5F3FF981}.Release|Any CPU.Build.0 = Release|Any CPU
		{9318637C-F8AD-43A8-9297-67B7A34FD146}.Debug|Any CPU.ActiveCfg = Debug|Any CPU
		{9318637C-F8AD-43A8-9297-67B7A34FD146}.Debug|Any CPU.Build.0 = Debug|Any CPU
		{9318637C-F8AD-43A8-9297-67B7A34FD146}.Release|Any CPU.ActiveCfg = Release|Any CPU
		{9318637C-F8AD-43A8-9297-67B7A34FD146}.Release|Any CPU.Build.0 = Release|Any CPU
		{84C1171F-A431-487B-BDD9-10D4D8D43983}.Debug|Any CPU.ActiveCfg = Debug|Any CPU
		{84C1171F-A431-487B-BDD9-10D4D8D43983}.Debug|Any CPU.Build.0 = Debug|Any CPU
		{84C1171F-A431-487B-BDD9-10D4D8D43983}.Release|Any CPU.ActiveCfg = Release|Any CPU
		{84C1171F-A431-487B-BDD9-10D4D8D43983}.Release|Any CPU.Build.0 = Release|Any CPU
		{A2378086-BDB0-4BD3-9235-E62EB5A7649B}.Debug|Any CPU.ActiveCfg = Debug|Any CPU
		{A2378086-BDB0-4BD3-9235-E62EB5A7649B}.Debug|Any CPU.Build.0 = Debug|Any CPU
		{A2378086-BDB0-4BD3-9235-E62EB5A7649B}.Release|Any CPU.ActiveCfg = Release|Any CPU
		{A2378086-BDB0-4BD3-9235-E62EB5A7649B}.Release|Any CPU.Build.0 = Release|Any CPU
		{ECC7A1DD-3205-429D-8776-701D31147F55}.Debug|Any CPU.ActiveCfg = Debug|Any CPU
		{ECC7A1DD-3205-429D-8776-701D31147F55}.Debug|Any CPU.Build.0 = Debug|Any CPU
		{ECC7A1DD-3205-429D-8776-701D31147F55}.Release|Any CPU.ActiveCfg = Release|Any CPU
		{ECC7A1DD-3205-429D-8776-701D31147F55}.Release|Any CPU.Build.0 = Release|Any CPU
		{EB089D6C-8E4E-4B35-9083-265A3BB6DF5F}.Debug|Any CPU.ActiveCfg = Debug|Any CPU
		{EB089D6C-8E4E-4B35-9083-265A3BB6DF5F}.Debug|Any CPU.Build.0 = Debug|Any CPU
		{EB089D6C-8E4E-4B35-9083-265A3BB6DF5F}.Release|Any CPU.ActiveCfg = Release|Any CPU
		{EB089D6C-8E4E-4B35-9083-265A3BB6DF5F}.Release|Any CPU.Build.0 = Release|Any CPU
		{3C01F09B-A5AD-472A-B7C3-29544461849C}.Debug|Any CPU.ActiveCfg = Debug|Any CPU
		{3C01F09B-A5AD-472A-B7C3-29544461849C}.Debug|Any CPU.Build.0 = Debug|Any CPU
		{3C01F09B-A5AD-472A-B7C3-29544461849C}.Release|Any CPU.ActiveCfg = Release|Any CPU
		{3C01F09B-A5AD-472A-B7C3-29544461849C}.Release|Any CPU.Build.0 = Release|Any CPU
		{600B3C5F-459C-4B5D-A4A6-A0DF0AF4D7C6}.Debug|Any CPU.ActiveCfg = Debug|Any CPU
		{600B3C5F-459C-4B5D-A4A6-A0DF0AF4D7C6}.Debug|Any CPU.Build.0 = Debug|Any CPU
		{600B3C5F-459C-4B5D-A4A6-A0DF0AF4D7C6}.Release|Any CPU.ActiveCfg = Release|Any CPU
		{600B3C5F-459C-4B5D-A4A6-A0DF0AF4D7C6}.Release|Any CPU.Build.0 = Release|Any CPU
		{A8951BAF-41E0-4801-ADBF-7E0F924B7FB4}.Debug|Any CPU.ActiveCfg = Debug|Any CPU
		{A8951BAF-41E0-4801-ADBF-7E0F924B7FB4}.Debug|Any CPU.Build.0 = Debug|Any CPU
		{A8951BAF-41E0-4801-ADBF-7E0F924B7FB4}.Release|Any CPU.ActiveCfg = Release|Any CPU
		{A8951BAF-41E0-4801-ADBF-7E0F924B7FB4}.Release|Any CPU.Build.0 = Release|Any CPU
		{FB4F52E5-ECA4-4890-B92E-B09490FB234C}.Debug|Any CPU.ActiveCfg = Debug|Any CPU
		{FB4F52E5-ECA4-4890-B92E-B09490FB234C}.Debug|Any CPU.Build.0 = Debug|Any CPU
		{FB4F52E5-ECA4-4890-B92E-B09490FB234C}.Release|Any CPU.ActiveCfg = Release|Any CPU
		{FB4F52E5-ECA4-4890-B92E-B09490FB234C}.Release|Any CPU.Build.0 = Release|Any CPU
		{74C5FDD1-CE64-4427-A6F9-61FDB9063B4F}.Debug|Any CPU.ActiveCfg = Debug|Any CPU
		{74C5FDD1-CE64-4427-A6F9-61FDB9063B4F}.Debug|Any CPU.Build.0 = Debug|Any CPU
		{74C5FDD1-CE64-4427-A6F9-61FDB9063B4F}.Release|Any CPU.ActiveCfg = Release|Any CPU
		{74C5FDD1-CE64-4427-A6F9-61FDB9063B4F}.Release|Any CPU.Build.0 = Release|Any CPU
		{140952AA-BD85-4FC8-A6B1-0BC052E643B4}.Debug|Any CPU.ActiveCfg = Debug|Any CPU
		{140952AA-BD85-4FC8-A6B1-0BC052E643B4}.Debug|Any CPU.Build.0 = Debug|Any CPU
		{140952AA-BD85-4FC8-A6B1-0BC052E643B4}.Release|Any CPU.ActiveCfg = Release|Any CPU
		{140952AA-BD85-4FC8-A6B1-0BC052E643B4}.Release|Any CPU.Build.0 = Release|Any CPU
		{FB5D05FA-14B7-4B58-BF6C-831C617029DC}.Debug|Any CPU.ActiveCfg = Debug|Any CPU
		{FB5D05FA-14B7-4B58-BF6C-831C617029DC}.Debug|Any CPU.Build.0 = Debug|Any CPU
		{FB5D05FA-14B7-4B58-BF6C-831C617029DC}.Release|Any CPU.ActiveCfg = Release|Any CPU
		{FB5D05FA-14B7-4B58-BF6C-831C617029DC}.Release|Any CPU.Build.0 = Release|Any CPU
		{57235F06-5830-4435-873E-DC8F53FDEB8F}.Debug|Any CPU.ActiveCfg = Debug|Any CPU
		{57235F06-5830-4435-873E-DC8F53FDEB8F}.Debug|Any CPU.Build.0 = Debug|Any CPU
		{57235F06-5830-4435-873E-DC8F53FDEB8F}.Release|Any CPU.ActiveCfg = Release|Any CPU
		{57235F06-5830-4435-873E-DC8F53FDEB8F}.Release|Any CPU.Build.0 = Release|Any CPU
		{BBF780D3-76F6-4628-BFD8-F5A4F2C5AC6F}.Debug|Any CPU.ActiveCfg = Debug|Any CPU
		{BBF780D3-76F6-4628-BFD8-F5A4F2C5AC6F}.Debug|Any CPU.Build.0 = Debug|Any CPU
		{BBF780D3-76F6-4628-BFD8-F5A4F2C5AC6F}.Release|Any CPU.ActiveCfg = Release|Any CPU
		{BBF780D3-76F6-4628-BFD8-F5A4F2C5AC6F}.Release|Any CPU.Build.0 = Release|Any CPU
		{CF425953-193F-48EF-8605-E5A71F4E2047}.Debug|Any CPU.ActiveCfg = Debug|Any CPU
		{CF425953-193F-48EF-8605-E5A71F4E2047}.Debug|Any CPU.Build.0 = Debug|Any CPU
		{CF425953-193F-48EF-8605-E5A71F4E2047}.Release|Any CPU.ActiveCfg = Release|Any CPU
		{CF425953-193F-48EF-8605-E5A71F4E2047}.Release|Any CPU.Build.0 = Release|Any CPU
		{8EF6F9C4-DB79-4E7E-98D8-3ADE62E5A863}.Debug|Any CPU.ActiveCfg = Debug|Any CPU
		{8EF6F9C4-DB79-4E7E-98D8-3ADE62E5A863}.Debug|Any CPU.Build.0 = Debug|Any CPU
		{8EF6F9C4-DB79-4E7E-98D8-3ADE62E5A863}.Release|Any CPU.ActiveCfg = Release|Any CPU
		{8EF6F9C4-DB79-4E7E-98D8-3ADE62E5A863}.Release|Any CPU.Build.0 = Release|Any CPU
		{6A8B20B8-07A6-445C-A33B-1E43844BFEC9}.Debug|Any CPU.ActiveCfg = Debug|Any CPU
		{6A8B20B8-07A6-445C-A33B-1E43844BFEC9}.Debug|Any CPU.Build.0 = Debug|Any CPU
		{6A8B20B8-07A6-445C-A33B-1E43844BFEC9}.Release|Any CPU.ActiveCfg = Release|Any CPU
		{6A8B20B8-07A6-445C-A33B-1E43844BFEC9}.Release|Any CPU.Build.0 = Release|Any CPU
		{6D111BFA-0DEC-4E48-B23C-D5A4CEADA97A}.Debug|Any CPU.ActiveCfg = Debug|Any CPU
		{6D111BFA-0DEC-4E48-B23C-D5A4CEADA97A}.Debug|Any CPU.Build.0 = Debug|Any CPU
		{6D111BFA-0DEC-4E48-B23C-D5A4CEADA97A}.Release|Any CPU.ActiveCfg = Release|Any CPU
		{6D111BFA-0DEC-4E48-B23C-D5A4CEADA97A}.Release|Any CPU.Build.0 = Release|Any CPU
		{DB4B8F67-CE25-4257-AA2E-3268059DB863}.Debug|Any CPU.ActiveCfg = Debug|Any CPU
		{DB4B8F67-CE25-4257-AA2E-3268059DB863}.Debug|Any CPU.Build.0 = Debug|Any CPU
		{DB4B8F67-CE25-4257-AA2E-3268059DB863}.Release|Any CPU.ActiveCfg = Release|Any CPU
		{DB4B8F67-CE25-4257-AA2E-3268059DB863}.Release|Any CPU.Build.0 = Release|Any CPU
		{0BA1E49A-AC32-4CA4-9096-AEC3AFA84E97}.Debug|Any CPU.ActiveCfg = Debug|Any CPU
		{0BA1E49A-AC32-4CA4-9096-AEC3AFA84E97}.Debug|Any CPU.Build.0 = Debug|Any CPU
		{0BA1E49A-AC32-4CA4-9096-AEC3AFA84E97}.Release|Any CPU.ActiveCfg = Release|Any CPU
		{0BA1E49A-AC32-4CA4-9096-AEC3AFA84E97}.Release|Any CPU.Build.0 = Release|Any CPU
		{5209DAF0-CBA2-4E15-96BB-524203F52FF7}.Debug|Any CPU.ActiveCfg = Debug|Any CPU
		{5209DAF0-CBA2-4E15-96BB-524203F52FF7}.Debug|Any CPU.Build.0 = Debug|Any CPU
		{5209DAF0-CBA2-4E15-96BB-524203F52FF7}.Release|Any CPU.ActiveCfg = Release|Any CPU
		{5209DAF0-CBA2-4E15-96BB-524203F52FF7}.Release|Any CPU.Build.0 = Release|Any CPU
		{4A5ADDF4-6046-4244-839F-2F678C99775B}.Debug|Any CPU.ActiveCfg = Debug|Any CPU
		{4A5ADDF4-6046-4244-839F-2F678C99775B}.Debug|Any CPU.Build.0 = Debug|Any CPU
		{4A5ADDF4-6046-4244-839F-2F678C99775B}.Release|Any CPU.ActiveCfg = Release|Any CPU
		{4A5ADDF4-6046-4244-839F-2F678C99775B}.Release|Any CPU.Build.0 = Release|Any CPU
		{A5C548CC-6870-417C-A235-93E290FBAA05}.Debug|Any CPU.ActiveCfg = Debug|Any CPU
		{A5C548CC-6870-417C-A235-93E290FBAA05}.Debug|Any CPU.Build.0 = Debug|Any CPU
		{A5C548CC-6870-417C-A235-93E290FBAA05}.Release|Any CPU.ActiveCfg = Release|Any CPU
		{A5C548CC-6870-417C-A235-93E290FBAA05}.Release|Any CPU.Build.0 = Release|Any CPU
		{47955771-B23B-4321-930E-32349ACD3BD1}.Debug|Any CPU.ActiveCfg = Debug|Any CPU
		{47955771-B23B-4321-930E-32349ACD3BD1}.Debug|Any CPU.Build.0 = Debug|Any CPU
		{47955771-B23B-4321-930E-32349ACD3BD1}.Release|Any CPU.ActiveCfg = Release|Any CPU
		{47955771-B23B-4321-930E-32349ACD3BD1}.Release|Any CPU.Build.0 = Release|Any CPU
		{16B82EE3-74E4-4186-9F76-FE53EB733339}.Debug|Any CPU.ActiveCfg = Debug|Any CPU
		{16B82EE3-74E4-4186-9F76-FE53EB733339}.Debug|Any CPU.Build.0 = Debug|Any CPU
		{16B82EE3-74E4-4186-9F76-FE53EB733339}.Release|Any CPU.ActiveCfg = Release|Any CPU
		{16B82EE3-74E4-4186-9F76-FE53EB733339}.Release|Any CPU.Build.0 = Release|Any CPU
		{1FF03854-646B-4DDE-838F-A2E1D82575F2}.Debug|Any CPU.ActiveCfg = Debug|Any CPU
		{1FF03854-646B-4DDE-838F-A2E1D82575F2}.Debug|Any CPU.Build.0 = Debug|Any CPU
		{1FF03854-646B-4DDE-838F-A2E1D82575F2}.Release|Any CPU.ActiveCfg = Release|Any CPU
		{1FF03854-646B-4DDE-838F-A2E1D82575F2}.Release|Any CPU.Build.0 = Release|Any CPU
		{0E9F5758-5EB3-4886-AE38-A584EDB44978}.Debug|Any CPU.ActiveCfg = Debug|Any CPU
		{0E9F5758-5EB3-4886-AE38-A584EDB44978}.Debug|Any CPU.Build.0 = Debug|Any CPU
		{0E9F5758-5EB3-4886-AE38-A584EDB44978}.Release|Any CPU.ActiveCfg = Release|Any CPU
		{0E9F5758-5EB3-4886-AE38-A584EDB44978}.Release|Any CPU.Build.0 = Release|Any CPU
		{4757583A-F8A8-476F-9EB7-A923E79514CF}.Debug|Any CPU.ActiveCfg = Debug|Any CPU
		{4757583A-F8A8-476F-9EB7-A923E79514CF}.Debug|Any CPU.Build.0 = Debug|Any CPU
		{4757583A-F8A8-476F-9EB7-A923E79514CF}.Release|Any CPU.ActiveCfg = Release|Any CPU
		{4757583A-F8A8-476F-9EB7-A923E79514CF}.Release|Any CPU.Build.0 = Release|Any CPU
		{C129A075-5C10-4ABD-836D-33B12520A4C6}.Debug|Any CPU.ActiveCfg = Debug|Any CPU
		{C129A075-5C10-4ABD-836D-33B12520A4C6}.Debug|Any CPU.Build.0 = Debug|Any CPU
		{C129A075-5C10-4ABD-836D-33B12520A4C6}.Release|Any CPU.ActiveCfg = Release|Any CPU
		{C129A075-5C10-4ABD-836D-33B12520A4C6}.Release|Any CPU.Build.0 = Release|Any CPU
		{4D38CAA7-F010-4463-A129-1EE87999DA92}.Debug|Any CPU.ActiveCfg = Debug|Any CPU
		{4D38CAA7-F010-4463-A129-1EE87999DA92}.Debug|Any CPU.Build.0 = Debug|Any CPU
		{4D38CAA7-F010-4463-A129-1EE87999DA92}.Release|Any CPU.ActiveCfg = Release|Any CPU
		{4D38CAA7-F010-4463-A129-1EE87999DA92}.Release|Any CPU.Build.0 = Release|Any CPU
		{ABBB83EF-AE44-4849-9BEF-9A0E220BFE73}.Debug|Any CPU.ActiveCfg = Debug|Any CPU
		{ABBB83EF-AE44-4849-9BEF-9A0E220BFE73}.Debug|Any CPU.Build.0 = Debug|Any CPU
		{ABBB83EF-AE44-4849-9BEF-9A0E220BFE73}.Release|Any CPU.ActiveCfg = Release|Any CPU
		{ABBB83EF-AE44-4849-9BEF-9A0E220BFE73}.Release|Any CPU.Build.0 = Release|Any CPU
		{A5D5FB48-3105-42D7-BBD3-9E7807637DD9}.Debug|Any CPU.ActiveCfg = Debug|Any CPU
		{A5D5FB48-3105-42D7-BBD3-9E7807637DD9}.Debug|Any CPU.Build.0 = Debug|Any CPU
		{A5D5FB48-3105-42D7-BBD3-9E7807637DD9}.Release|Any CPU.ActiveCfg = Release|Any CPU
		{A5D5FB48-3105-42D7-BBD3-9E7807637DD9}.Release|Any CPU.Build.0 = Release|Any CPU
		{EA5D377D-04F0-4A83-9E88-4BB929888AE8}.Debug|Any CPU.ActiveCfg = Debug|Any CPU
		{EA5D377D-04F0-4A83-9E88-4BB929888AE8}.Debug|Any CPU.Build.0 = Debug|Any CPU
		{EA5D377D-04F0-4A83-9E88-4BB929888AE8}.Release|Any CPU.ActiveCfg = Release|Any CPU
		{EA5D377D-04F0-4A83-9E88-4BB929888AE8}.Release|Any CPU.Build.0 = Release|Any CPU
		{3ADF1AA9-CD88-429D-8301-E98113E537F7}.Debug|Any CPU.ActiveCfg = Debug|Any CPU
		{3ADF1AA9-CD88-429D-8301-E98113E537F7}.Debug|Any CPU.Build.0 = Debug|Any CPU
		{3ADF1AA9-CD88-429D-8301-E98113E537F7}.Release|Any CPU.ActiveCfg = Release|Any CPU
		{3ADF1AA9-CD88-429D-8301-E98113E537F7}.Release|Any CPU.Build.0 = Release|Any CPU
		{61C14EA5-975F-403E-A0EA-077CB935F6A8}.Debug|Any CPU.ActiveCfg = Debug|Any CPU
		{61C14EA5-975F-403E-A0EA-077CB935F6A8}.Debug|Any CPU.Build.0 = Debug|Any CPU
		{61C14EA5-975F-403E-A0EA-077CB935F6A8}.Release|Any CPU.ActiveCfg = Release|Any CPU
		{61C14EA5-975F-403E-A0EA-077CB935F6A8}.Release|Any CPU.Build.0 = Release|Any CPU
		{AAC999DD-30C3-486A-BC05-2CBAE467723A}.Debug|Any CPU.ActiveCfg = Debug|Any CPU
		{AAC999DD-30C3-486A-BC05-2CBAE467723A}.Debug|Any CPU.Build.0 = Debug|Any CPU
		{AAC999DD-30C3-486A-BC05-2CBAE467723A}.Release|Any CPU.ActiveCfg = Release|Any CPU
		{AAC999DD-30C3-486A-BC05-2CBAE467723A}.Release|Any CPU.Build.0 = Release|Any CPU
		{1CB46BF1-FB13-40B1-8265-10E00A069631}.Debug|Any CPU.ActiveCfg = Debug|Any CPU
		{1CB46BF1-FB13-40B1-8265-10E00A069631}.Debug|Any CPU.Build.0 = Debug|Any CPU
		{1CB46BF1-FB13-40B1-8265-10E00A069631}.Release|Any CPU.ActiveCfg = Release|Any CPU
		{1CB46BF1-FB13-40B1-8265-10E00A069631}.Release|Any CPU.Build.0 = Release|Any CPU
		{3DAD608F-60B1-419A-AD54-3AB33F9ECB98}.Debug|Any CPU.ActiveCfg = Debug|Any CPU
		{3DAD608F-60B1-419A-AD54-3AB33F9ECB98}.Debug|Any CPU.Build.0 = Debug|Any CPU
		{3DAD608F-60B1-419A-AD54-3AB33F9ECB98}.Release|Any CPU.ActiveCfg = Release|Any CPU
		{3DAD608F-60B1-419A-AD54-3AB33F9ECB98}.Release|Any CPU.Build.0 = Release|Any CPU
		{361796B1-EA04-43B0-B544-3335904B3F87}.Debug|Any CPU.ActiveCfg = Debug|Any CPU
		{361796B1-EA04-43B0-B544-3335904B3F87}.Debug|Any CPU.Build.0 = Debug|Any CPU
		{361796B1-EA04-43B0-B544-3335904B3F87}.Release|Any CPU.ActiveCfg = Release|Any CPU
		{361796B1-EA04-43B0-B544-3335904B3F87}.Release|Any CPU.Build.0 = Release|Any CPU
		{71940549-3EC7-44BB-8B00-D13E3A7A583C}.Debug|Any CPU.ActiveCfg = Debug|Any CPU
		{71940549-3EC7-44BB-8B00-D13E3A7A583C}.Debug|Any CPU.Build.0 = Debug|Any CPU
		{71940549-3EC7-44BB-8B00-D13E3A7A583C}.Release|Any CPU.ActiveCfg = Release|Any CPU
		{71940549-3EC7-44BB-8B00-D13E3A7A583C}.Release|Any CPU.Build.0 = Release|Any CPU
		{E083D0BA-B89F-433F-A83B-14E98FC123FB}.Debug|Any CPU.ActiveCfg = Debug|Any CPU
		{E083D0BA-B89F-433F-A83B-14E98FC123FB}.Debug|Any CPU.Build.0 = Debug|Any CPU
		{E083D0BA-B89F-433F-A83B-14E98FC123FB}.Release|Any CPU.ActiveCfg = Release|Any CPU
		{E083D0BA-B89F-433F-A83B-14E98FC123FB}.Release|Any CPU.Build.0 = Release|Any CPU
		{2F83FF87-3BD8-446F-8688-69D7A3093606}.Debug|Any CPU.ActiveCfg = Debug|Any CPU
		{2F83FF87-3BD8-446F-8688-69D7A3093606}.Debug|Any CPU.Build.0 = Debug|Any CPU
		{2F83FF87-3BD8-446F-8688-69D7A3093606}.Release|Any CPU.ActiveCfg = Release|Any CPU
		{2F83FF87-3BD8-446F-8688-69D7A3093606}.Release|Any CPU.Build.0 = Release|Any CPU
		{DDEFAC14-7897-4B00-8B19-528935940B4C}.Debug|Any CPU.ActiveCfg = Debug|Any CPU
		{DDEFAC14-7897-4B00-8B19-528935940B4C}.Debug|Any CPU.Build.0 = Debug|Any CPU
		{DDEFAC14-7897-4B00-8B19-528935940B4C}.Release|Any CPU.ActiveCfg = Release|Any CPU
		{DDEFAC14-7897-4B00-8B19-528935940B4C}.Release|Any CPU.Build.0 = Release|Any CPU
		{2D0D2B9E-5C5C-402B-96D6-17C8F76C0BB2}.Debug|Any CPU.ActiveCfg = Debug|Any CPU
		{2D0D2B9E-5C5C-402B-96D6-17C8F76C0BB2}.Debug|Any CPU.Build.0 = Debug|Any CPU
		{2D0D2B9E-5C5C-402B-96D6-17C8F76C0BB2}.Release|Any CPU.ActiveCfg = Release|Any CPU
		{2D0D2B9E-5C5C-402B-96D6-17C8F76C0BB2}.Release|Any CPU.Build.0 = Release|Any CPU
		{66BA1B05-B27B-4320-8232-186C7B0CEEB1}.Debug|Any CPU.ActiveCfg = Debug|Any CPU
		{66BA1B05-B27B-4320-8232-186C7B0CEEB1}.Debug|Any CPU.Build.0 = Debug|Any CPU
		{66BA1B05-B27B-4320-8232-186C7B0CEEB1}.Release|Any CPU.ActiveCfg = Release|Any CPU
		{66BA1B05-B27B-4320-8232-186C7B0CEEB1}.Release|Any CPU.Build.0 = Release|Any CPU
		{42EDB3B6-DA4C-47C1-8D30-A6C25CAFBF50}.Debug|Any CPU.ActiveCfg = Debug|Any CPU
		{42EDB3B6-DA4C-47C1-8D30-A6C25CAFBF50}.Debug|Any CPU.Build.0 = Debug|Any CPU
		{42EDB3B6-DA4C-47C1-8D30-A6C25CAFBF50}.Release|Any CPU.ActiveCfg = Release|Any CPU
		{42EDB3B6-DA4C-47C1-8D30-A6C25CAFBF50}.Release|Any CPU.Build.0 = Release|Any CPU
		{3C24A1F8-A158-4BE1-A203-D8B4F6A2BC4C}.Debug|Any CPU.ActiveCfg = Debug|Any CPU
		{3C24A1F8-A158-4BE1-A203-D8B4F6A2BC4C}.Debug|Any CPU.Build.0 = Debug|Any CPU
		{3C24A1F8-A158-4BE1-A203-D8B4F6A2BC4C}.Release|Any CPU.ActiveCfg = Release|Any CPU
		{3C24A1F8-A158-4BE1-A203-D8B4F6A2BC4C}.Release|Any CPU.Build.0 = Release|Any CPU
		{F4D27365-7799-4B1C-9662-8AE6BC0DEB1A}.Debug|Any CPU.ActiveCfg = Debug|Any CPU
		{F4D27365-7799-4B1C-9662-8AE6BC0DEB1A}.Debug|Any CPU.Build.0 = Debug|Any CPU
		{F4D27365-7799-4B1C-9662-8AE6BC0DEB1A}.Release|Any CPU.ActiveCfg = Release|Any CPU
		{F4D27365-7799-4B1C-9662-8AE6BC0DEB1A}.Release|Any CPU.Build.0 = Release|Any CPU
		{63BAA071-2EEA-4CE8-A1BF-F7C6D116EDD7}.Debug|Any CPU.ActiveCfg = Debug|Any CPU
		{63BAA071-2EEA-4CE8-A1BF-F7C6D116EDD7}.Debug|Any CPU.Build.0 = Debug|Any CPU
		{63BAA071-2EEA-4CE8-A1BF-F7C6D116EDD7}.Release|Any CPU.ActiveCfg = Release|Any CPU
		{63BAA071-2EEA-4CE8-A1BF-F7C6D116EDD7}.Release|Any CPU.Build.0 = Release|Any CPU
		{341A912F-C270-4645-ABEB-8CEBE46F7A2F}.Debug|Any CPU.ActiveCfg = Debug|Any CPU
		{341A912F-C270-4645-ABEB-8CEBE46F7A2F}.Debug|Any CPU.Build.0 = Debug|Any CPU
		{341A912F-C270-4645-ABEB-8CEBE46F7A2F}.Release|Any CPU.ActiveCfg = Release|Any CPU
		{341A912F-C270-4645-ABEB-8CEBE46F7A2F}.Release|Any CPU.Build.0 = Release|Any CPU
		{9059C7B8-7982-4475-9916-8E7F0978647D}.Debug|Any CPU.ActiveCfg = Debug|Any CPU
		{9059C7B8-7982-4475-9916-8E7F0978647D}.Debug|Any CPU.Build.0 = Debug|Any CPU
		{9059C7B8-7982-4475-9916-8E7F0978647D}.Release|Any CPU.ActiveCfg = Release|Any CPU
		{9059C7B8-7982-4475-9916-8E7F0978647D}.Release|Any CPU.Build.0 = Release|Any CPU
		{90BDA6CA-CE80-43A0-89EC-6AF9AB47B1D7}.Debug|Any CPU.ActiveCfg = Debug|Any CPU
		{90BDA6CA-CE80-43A0-89EC-6AF9AB47B1D7}.Debug|Any CPU.Build.0 = Debug|Any CPU
		{90BDA6CA-CE80-43A0-89EC-6AF9AB47B1D7}.Release|Any CPU.ActiveCfg = Release|Any CPU
		{90BDA6CA-CE80-43A0-89EC-6AF9AB47B1D7}.Release|Any CPU.Build.0 = Release|Any CPU
		{1547746B-F1D4-4CD0-BA06-1690990604C4}.Debug|Any CPU.ActiveCfg = Debug|Any CPU
		{1547746B-F1D4-4CD0-BA06-1690990604C4}.Debug|Any CPU.Build.0 = Debug|Any CPU
		{1547746B-F1D4-4CD0-BA06-1690990604C4}.Release|Any CPU.ActiveCfg = Release|Any CPU
		{1547746B-F1D4-4CD0-BA06-1690990604C4}.Release|Any CPU.Build.0 = Release|Any CPU
		{688C24A4-53AA-4DC5-9B3E-CD8EDC32068D}.Debug|Any CPU.ActiveCfg = Debug|Any CPU
		{688C24A4-53AA-4DC5-9B3E-CD8EDC32068D}.Debug|Any CPU.Build.0 = Debug|Any CPU
		{688C24A4-53AA-4DC5-9B3E-CD8EDC32068D}.Release|Any CPU.ActiveCfg = Release|Any CPU
		{688C24A4-53AA-4DC5-9B3E-CD8EDC32068D}.Release|Any CPU.Build.0 = Release|Any CPU
		{FB6FD0BC-B56F-434A-9B0C-AAF841C58069}.Debug|Any CPU.ActiveCfg = Debug|Any CPU
		{FB6FD0BC-B56F-434A-9B0C-AAF841C58069}.Debug|Any CPU.Build.0 = Debug|Any CPU
		{FB6FD0BC-B56F-434A-9B0C-AAF841C58069}.Release|Any CPU.ActiveCfg = Release|Any CPU
		{FB6FD0BC-B56F-434A-9B0C-AAF841C58069}.Release|Any CPU.Build.0 = Release|Any CPU
		{91BCF5F8-9219-402A-830A-CC4DA29951E9}.Debug|Any CPU.ActiveCfg = Debug|Any CPU
		{91BCF5F8-9219-402A-830A-CC4DA29951E9}.Debug|Any CPU.Build.0 = Debug|Any CPU
		{91BCF5F8-9219-402A-830A-CC4DA29951E9}.Release|Any CPU.ActiveCfg = Release|Any CPU
		{91BCF5F8-9219-402A-830A-CC4DA29951E9}.Release|Any CPU.Build.0 = Release|Any CPU
		{7F5AE456-8E1D-42D7-900D-A3D399740057}.Debug|Any CPU.ActiveCfg = Debug|Any CPU
		{7F5AE456-8E1D-42D7-900D-A3D399740057}.Debug|Any CPU.Build.0 = Debug|Any CPU
		{7F5AE456-8E1D-42D7-900D-A3D399740057}.Release|Any CPU.ActiveCfg = Release|Any CPU
		{7F5AE456-8E1D-42D7-900D-A3D399740057}.Release|Any CPU.Build.0 = Release|Any CPU
		{044A5803-CBBE-4AA2-AC2B-469899B05962}.Debug|Any CPU.ActiveCfg = Debug|Any CPU
		{044A5803-CBBE-4AA2-AC2B-469899B05962}.Debug|Any CPU.Build.0 = Debug|Any CPU
		{044A5803-CBBE-4AA2-AC2B-469899B05962}.Release|Any CPU.ActiveCfg = Release|Any CPU
		{044A5803-CBBE-4AA2-AC2B-469899B05962}.Release|Any CPU.Build.0 = Release|Any CPU
		{D322FA6F-A16B-4EE8-ADF9-B0D53836719A}.Debug|Any CPU.ActiveCfg = Debug|Any CPU
		{D322FA6F-A16B-4EE8-ADF9-B0D53836719A}.Debug|Any CPU.Build.0 = Debug|Any CPU
		{D322FA6F-A16B-4EE8-ADF9-B0D53836719A}.Release|Any CPU.ActiveCfg = Release|Any CPU
		{D322FA6F-A16B-4EE8-ADF9-B0D53836719A}.Release|Any CPU.Build.0 = Release|Any CPU
		{B3B266FD-6249-4A30-B1B5-B537FEFCF785}.Debug|Any CPU.ActiveCfg = Debug|Any CPU
		{B3B266FD-6249-4A30-B1B5-B537FEFCF785}.Debug|Any CPU.Build.0 = Debug|Any CPU
		{B3B266FD-6249-4A30-B1B5-B537FEFCF785}.Release|Any CPU.ActiveCfg = Release|Any CPU
		{B3B266FD-6249-4A30-B1B5-B537FEFCF785}.Release|Any CPU.Build.0 = Release|Any CPU
		{C0EF5D6A-E32A-4641-9498-4A072F5BB3B9}.Debug|Any CPU.ActiveCfg = Debug|Any CPU
		{C0EF5D6A-E32A-4641-9498-4A072F5BB3B9}.Debug|Any CPU.Build.0 = Debug|Any CPU
		{C0EF5D6A-E32A-4641-9498-4A072F5BB3B9}.Release|Any CPU.ActiveCfg = Release|Any CPU
		{C0EF5D6A-E32A-4641-9498-4A072F5BB3B9}.Release|Any CPU.Build.0 = Release|Any CPU
		{EFEC75DE-8E57-448D-B920-2E342AD3E017}.Debug|Any CPU.ActiveCfg = Debug|Any CPU
		{EFEC75DE-8E57-448D-B920-2E342AD3E017}.Debug|Any CPU.Build.0 = Debug|Any CPU
		{EFEC75DE-8E57-448D-B920-2E342AD3E017}.Release|Any CPU.ActiveCfg = Release|Any CPU
		{EFEC75DE-8E57-448D-B920-2E342AD3E017}.Release|Any CPU.Build.0 = Release|Any CPU
		{4C114060-93F9-41FD-AA3C-AD921BE29A85}.Debug|Any CPU.ActiveCfg = Debug|Any CPU
		{4C114060-93F9-41FD-AA3C-AD921BE29A85}.Debug|Any CPU.Build.0 = Debug|Any CPU
		{4C114060-93F9-41FD-AA3C-AD921BE29A85}.Release|Any CPU.ActiveCfg = Release|Any CPU
		{4C114060-93F9-41FD-AA3C-AD921BE29A85}.Release|Any CPU.Build.0 = Release|Any CPU
		{B4071EDB-14D7-47AC-9870-8613498710F5}.Debug|Any CPU.ActiveCfg = Debug|Any CPU
		{B4071EDB-14D7-47AC-9870-8613498710F5}.Debug|Any CPU.Build.0 = Debug|Any CPU
		{B4071EDB-14D7-47AC-9870-8613498710F5}.Release|Any CPU.ActiveCfg = Release|Any CPU
		{B4071EDB-14D7-47AC-9870-8613498710F5}.Release|Any CPU.Build.0 = Release|Any CPU
		{1A4F802A-FE72-4CF5-AEDF-6E1942288A6C}.Debug|Any CPU.ActiveCfg = Debug|Any CPU
		{1A4F802A-FE72-4CF5-AEDF-6E1942288A6C}.Debug|Any CPU.Build.0 = Debug|Any CPU
		{1A4F802A-FE72-4CF5-AEDF-6E1942288A6C}.Release|Any CPU.ActiveCfg = Release|Any CPU
		{1A4F802A-FE72-4CF5-AEDF-6E1942288A6C}.Release|Any CPU.Build.0 = Release|Any CPU
		{607B7FD9-7098-4027-8874-3BB0DAF0555C}.Debug|Any CPU.ActiveCfg = Debug|Any CPU
		{607B7FD9-7098-4027-8874-3BB0DAF0555C}.Debug|Any CPU.Build.0 = Debug|Any CPU
		{607B7FD9-7098-4027-8874-3BB0DAF0555C}.Release|Any CPU.ActiveCfg = Release|Any CPU
		{607B7FD9-7098-4027-8874-3BB0DAF0555C}.Release|Any CPU.Build.0 = Release|Any CPU
		{F0AA7C99-6126-4818-A2D1-FE125E05C17D}.Debug|Any CPU.ActiveCfg = Debug|Any CPU
		{F0AA7C99-6126-4818-A2D1-FE125E05C17D}.Debug|Any CPU.Build.0 = Debug|Any CPU
		{F0AA7C99-6126-4818-A2D1-FE125E05C17D}.Release|Any CPU.ActiveCfg = Release|Any CPU
		{F0AA7C99-6126-4818-A2D1-FE125E05C17D}.Release|Any CPU.Build.0 = Release|Any CPU
		{0C0764AD-2321-4203-B9BD-0043659F20D2}.Debug|Any CPU.ActiveCfg = Debug|Any CPU
		{0C0764AD-2321-4203-B9BD-0043659F20D2}.Debug|Any CPU.Build.0 = Debug|Any CPU
		{0C0764AD-2321-4203-B9BD-0043659F20D2}.Release|Any CPU.ActiveCfg = Release|Any CPU
		{0C0764AD-2321-4203-B9BD-0043659F20D2}.Release|Any CPU.Build.0 = Release|Any CPU
		{490645A2-E000-4026-A56A-CEA57DE05373}.Debug|Any CPU.ActiveCfg = Debug|Any CPU
		{490645A2-E000-4026-A56A-CEA57DE05373}.Debug|Any CPU.Build.0 = Debug|Any CPU
		{490645A2-E000-4026-A56A-CEA57DE05373}.Release|Any CPU.ActiveCfg = Release|Any CPU
		{490645A2-E000-4026-A56A-CEA57DE05373}.Release|Any CPU.Build.0 = Release|Any CPU
		{65482804-6891-4BB6-BA47-FFB548C7BE92}.Debug|Any CPU.ActiveCfg = Debug|Any CPU
		{65482804-6891-4BB6-BA47-FFB548C7BE92}.Debug|Any CPU.Build.0 = Debug|Any CPU
		{65482804-6891-4BB6-BA47-FFB548C7BE92}.Release|Any CPU.ActiveCfg = Release|Any CPU
		{65482804-6891-4BB6-BA47-FFB548C7BE92}.Release|Any CPU.Build.0 = Release|Any CPU
		{7FB155F2-5B63-4CC5-A46D-F943EF03B1A2}.Debug|Any CPU.ActiveCfg = Debug|Any CPU
		{7FB155F2-5B63-4CC5-A46D-F943EF03B1A2}.Debug|Any CPU.Build.0 = Debug|Any CPU
		{7FB155F2-5B63-4CC5-A46D-F943EF03B1A2}.Release|Any CPU.ActiveCfg = Release|Any CPU
		{7FB155F2-5B63-4CC5-A46D-F943EF03B1A2}.Release|Any CPU.Build.0 = Release|Any CPU
		{E1A1B33C-1BF7-4BB6-B6DC-9B064AF3013B}.Debug|Any CPU.ActiveCfg = Debug|Any CPU
		{E1A1B33C-1BF7-4BB6-B6DC-9B064AF3013B}.Debug|Any CPU.Build.0 = Debug|Any CPU
		{E1A1B33C-1BF7-4BB6-B6DC-9B064AF3013B}.Release|Any CPU.ActiveCfg = Release|Any CPU
		{E1A1B33C-1BF7-4BB6-B6DC-9B064AF3013B}.Release|Any CPU.Build.0 = Release|Any CPU
		{5322A82D-E08F-4600-BE51-2983F3A31733}.Debug|Any CPU.ActiveCfg = Debug|Any CPU
		{5322A82D-E08F-4600-BE51-2983F3A31733}.Debug|Any CPU.Build.0 = Debug|Any CPU
		{5322A82D-E08F-4600-BE51-2983F3A31733}.Release|Any CPU.ActiveCfg = Release|Any CPU
		{5322A82D-E08F-4600-BE51-2983F3A31733}.Release|Any CPU.Build.0 = Release|Any CPU
		{DE6E7FF2-C4A2-461B-B81C-B91A76FF6137}.Debug|Any CPU.ActiveCfg = Debug|Any CPU
		{DE6E7FF2-C4A2-461B-B81C-B91A76FF6137}.Debug|Any CPU.Build.0 = Debug|Any CPU
		{DE6E7FF2-C4A2-461B-B81C-B91A76FF6137}.Release|Any CPU.ActiveCfg = Release|Any CPU
		{DE6E7FF2-C4A2-461B-B81C-B91A76FF6137}.Release|Any CPU.Build.0 = Release|Any CPU
		{6926A8CB-36A1-4860-BA59-E059D0C174A6}.Debug|Any CPU.ActiveCfg = Debug|Any CPU
		{6926A8CB-36A1-4860-BA59-E059D0C174A6}.Debug|Any CPU.Build.0 = Debug|Any CPU
		{6926A8CB-36A1-4860-BA59-E059D0C174A6}.Release|Any CPU.ActiveCfg = Release|Any CPU
		{6926A8CB-36A1-4860-BA59-E059D0C174A6}.Release|Any CPU.Build.0 = Release|Any CPU
		{E4C108FB-D4CD-40ED-84AA-7BB0E55C7EA5}.Debug|Any CPU.ActiveCfg = Debug|Any CPU
		{E4C108FB-D4CD-40ED-84AA-7BB0E55C7EA5}.Debug|Any CPU.Build.0 = Debug|Any CPU
		{E4C108FB-D4CD-40ED-84AA-7BB0E55C7EA5}.Release|Any CPU.ActiveCfg = Release|Any CPU
		{E4C108FB-D4CD-40ED-84AA-7BB0E55C7EA5}.Release|Any CPU.Build.0 = Release|Any CPU
		{F611FC87-69BE-4404-9022-47AF5204F1D9}.Debug|Any CPU.ActiveCfg = Debug|Any CPU
		{F611FC87-69BE-4404-9022-47AF5204F1D9}.Debug|Any CPU.Build.0 = Debug|Any CPU
		{F611FC87-69BE-4404-9022-47AF5204F1D9}.Release|Any CPU.ActiveCfg = Release|Any CPU
		{F611FC87-69BE-4404-9022-47AF5204F1D9}.Release|Any CPU.Build.0 = Release|Any CPU
		{429E3147-32F6-47A5-80AB-D251C851BAF6}.Debug|Any CPU.ActiveCfg = Debug|Any CPU
		{429E3147-32F6-47A5-80AB-D251C851BAF6}.Debug|Any CPU.Build.0 = Debug|Any CPU
		{429E3147-32F6-47A5-80AB-D251C851BAF6}.Release|Any CPU.ActiveCfg = Release|Any CPU
		{429E3147-32F6-47A5-80AB-D251C851BAF6}.Release|Any CPU.Build.0 = Release|Any CPU
		{486C2D8D-A2A8-47E0-93E5-9CA179633831}.Debug|Any CPU.ActiveCfg = Debug|Any CPU
		{486C2D8D-A2A8-47E0-93E5-9CA179633831}.Debug|Any CPU.Build.0 = Debug|Any CPU
		{486C2D8D-A2A8-47E0-93E5-9CA179633831}.Release|Any CPU.ActiveCfg = Release|Any CPU
		{486C2D8D-A2A8-47E0-93E5-9CA179633831}.Release|Any CPU.Build.0 = Release|Any CPU
		{6D61F35F-A22B-4707-B28D-F8B0E7CF4FC6}.Debug|Any CPU.ActiveCfg = Debug|Any CPU
		{6D61F35F-A22B-4707-B28D-F8B0E7CF4FC6}.Debug|Any CPU.Build.0 = Debug|Any CPU
		{6D61F35F-A22B-4707-B28D-F8B0E7CF4FC6}.Release|Any CPU.ActiveCfg = Release|Any CPU
		{6D61F35F-A22B-4707-B28D-F8B0E7CF4FC6}.Release|Any CPU.Build.0 = Release|Any CPU
		{982D16D8-605A-45BD-BAF0-4A3C2262961E}.Debug|Any CPU.ActiveCfg = Debug|Any CPU
		{982D16D8-605A-45BD-BAF0-4A3C2262961E}.Debug|Any CPU.Build.0 = Debug|Any CPU
		{982D16D8-605A-45BD-BAF0-4A3C2262961E}.Release|Any CPU.ActiveCfg = Release|Any CPU
		{982D16D8-605A-45BD-BAF0-4A3C2262961E}.Release|Any CPU.Build.0 = Release|Any CPU
		{58B1A286-FE40-4BAA-BDFE-8BE758EF425C}.Debug|Any CPU.ActiveCfg = Debug|Any CPU
		{58B1A286-FE40-4BAA-BDFE-8BE758EF425C}.Debug|Any CPU.Build.0 = Debug|Any CPU
		{58B1A286-FE40-4BAA-BDFE-8BE758EF425C}.Release|Any CPU.ActiveCfg = Release|Any CPU
		{58B1A286-FE40-4BAA-BDFE-8BE758EF425C}.Release|Any CPU.Build.0 = Release|Any CPU
		{FE72D209-B1AA-4BB0-BD05-74B58CA645A8}.Debug|Any CPU.ActiveCfg = Debug|Any CPU
		{FE72D209-B1AA-4BB0-BD05-74B58CA645A8}.Debug|Any CPU.Build.0 = Debug|Any CPU
		{FE72D209-B1AA-4BB0-BD05-74B58CA645A8}.Release|Any CPU.ActiveCfg = Release|Any CPU
		{FE72D209-B1AA-4BB0-BD05-74B58CA645A8}.Release|Any CPU.Build.0 = Release|Any CPU
		{262988A5-C392-40E4-AEDB-1A18DCAC74EB}.Debug|Any CPU.ActiveCfg = Debug|Any CPU
		{262988A5-C392-40E4-AEDB-1A18DCAC74EB}.Debug|Any CPU.Build.0 = Debug|Any CPU
		{262988A5-C392-40E4-AEDB-1A18DCAC74EB}.Release|Any CPU.ActiveCfg = Release|Any CPU
		{262988A5-C392-40E4-AEDB-1A18DCAC74EB}.Release|Any CPU.Build.0 = Release|Any CPU
		{1FA3656F-4762-4644-A990-C3B7D0F31008}.Debug|Any CPU.ActiveCfg = Debug|Any CPU
		{1FA3656F-4762-4644-A990-C3B7D0F31008}.Debug|Any CPU.Build.0 = Debug|Any CPU
		{1FA3656F-4762-4644-A990-C3B7D0F31008}.Release|Any CPU.ActiveCfg = Release|Any CPU
		{1FA3656F-4762-4644-A990-C3B7D0F31008}.Release|Any CPU.Build.0 = Release|Any CPU
		{A32A3D4B-4636-42F1-9335-29DEA7C26D7C}.Debug|Any CPU.ActiveCfg = Debug|Any CPU
		{A32A3D4B-4636-42F1-9335-29DEA7C26D7C}.Debug|Any CPU.Build.0 = Debug|Any CPU
		{A32A3D4B-4636-42F1-9335-29DEA7C26D7C}.Release|Any CPU.ActiveCfg = Release|Any CPU
		{A32A3D4B-4636-42F1-9335-29DEA7C26D7C}.Release|Any CPU.Build.0 = Release|Any CPU
		{22385E6E-DBF2-4EAC-998E-754AFAFA21AF}.Debug|Any CPU.ActiveCfg = Debug|Any CPU
		{22385E6E-DBF2-4EAC-998E-754AFAFA21AF}.Debug|Any CPU.Build.0 = Debug|Any CPU
		{22385E6E-DBF2-4EAC-998E-754AFAFA21AF}.Release|Any CPU.ActiveCfg = Release|Any CPU
		{22385E6E-DBF2-4EAC-998E-754AFAFA21AF}.Release|Any CPU.Build.0 = Release|Any CPU
		{30FE2ABF-2E69-4096-8046-34FFC8C1FC27}.Debug|Any CPU.ActiveCfg = Debug|Any CPU
		{30FE2ABF-2E69-4096-8046-34FFC8C1FC27}.Debug|Any CPU.Build.0 = Debug|Any CPU
		{30FE2ABF-2E69-4096-8046-34FFC8C1FC27}.Release|Any CPU.ActiveCfg = Release|Any CPU
		{30FE2ABF-2E69-4096-8046-34FFC8C1FC27}.Release|Any CPU.Build.0 = Release|Any CPU
		{8FBEEA5F-B33C-4E64-9F2E-DADDF9DE8D4E}.Debug|Any CPU.ActiveCfg = Debug|Any CPU
		{8FBEEA5F-B33C-4E64-9F2E-DADDF9DE8D4E}.Debug|Any CPU.Build.0 = Debug|Any CPU
		{8FBEEA5F-B33C-4E64-9F2E-DADDF9DE8D4E}.Release|Any CPU.ActiveCfg = Release|Any CPU
		{8FBEEA5F-B33C-4E64-9F2E-DADDF9DE8D4E}.Release|Any CPU.Build.0 = Release|Any CPU
		{A4DAE990-0399-44A3-98C5-3F12ACE3B68D}.Debug|Any CPU.ActiveCfg = Debug|Any CPU
		{A4DAE990-0399-44A3-98C5-3F12ACE3B68D}.Debug|Any CPU.Build.0 = Debug|Any CPU
		{A4DAE990-0399-44A3-98C5-3F12ACE3B68D}.Release|Any CPU.ActiveCfg = Release|Any CPU
		{A4DAE990-0399-44A3-98C5-3F12ACE3B68D}.Release|Any CPU.Build.0 = Release|Any CPU
		{BB93161A-29D7-4569-9F68-D2E298EDFE94}.Debug|Any CPU.ActiveCfg = Debug|Any CPU
		{BB93161A-29D7-4569-9F68-D2E298EDFE94}.Debug|Any CPU.Build.0 = Debug|Any CPU
		{BB93161A-29D7-4569-9F68-D2E298EDFE94}.Release|Any CPU.ActiveCfg = Release|Any CPU
		{BB93161A-29D7-4569-9F68-D2E298EDFE94}.Release|Any CPU.Build.0 = Release|Any CPU
		{6FD9EC11-09F2-4110-9C8A-FC3B5AC5E66D}.Debug|Any CPU.ActiveCfg = Debug|Any CPU
		{6FD9EC11-09F2-4110-9C8A-FC3B5AC5E66D}.Debug|Any CPU.Build.0 = Debug|Any CPU
		{6FD9EC11-09F2-4110-9C8A-FC3B5AC5E66D}.Release|Any CPU.ActiveCfg = Release|Any CPU
		{6FD9EC11-09F2-4110-9C8A-FC3B5AC5E66D}.Release|Any CPU.Build.0 = Release|Any CPU
		{1CBAF068-F496-4141-A2D3-07711848813B}.Debug|Any CPU.ActiveCfg = Debug|Any CPU
		{1CBAF068-F496-4141-A2D3-07711848813B}.Debug|Any CPU.Build.0 = Debug|Any CPU
		{1CBAF068-F496-4141-A2D3-07711848813B}.Release|Any CPU.ActiveCfg = Release|Any CPU
		{1CBAF068-F496-4141-A2D3-07711848813B}.Release|Any CPU.Build.0 = Release|Any CPU
		{4FD2658D-6335-47E0-92BD-8BE3F67EB89A}.Debug|Any CPU.ActiveCfg = Debug|Any CPU
		{4FD2658D-6335-47E0-92BD-8BE3F67EB89A}.Debug|Any CPU.Build.0 = Debug|Any CPU
		{4FD2658D-6335-47E0-92BD-8BE3F67EB89A}.Release|Any CPU.ActiveCfg = Release|Any CPU
		{4FD2658D-6335-47E0-92BD-8BE3F67EB89A}.Release|Any CPU.Build.0 = Release|Any CPU
		{E7E54C6B-5EE6-4109-A09A-5BA54DBCFB7D}.Debug|Any CPU.ActiveCfg = Debug|Any CPU
		{E7E54C6B-5EE6-4109-A09A-5BA54DBCFB7D}.Debug|Any CPU.Build.0 = Debug|Any CPU
		{E7E54C6B-5EE6-4109-A09A-5BA54DBCFB7D}.Release|Any CPU.ActiveCfg = Release|Any CPU
		{E7E54C6B-5EE6-4109-A09A-5BA54DBCFB7D}.Release|Any CPU.Build.0 = Release|Any CPU
		{ABC30E4C-C64F-4A38-AB82-D4F59F3F4D61}.Debug|Any CPU.ActiveCfg = Debug|Any CPU
		{ABC30E4C-C64F-4A38-AB82-D4F59F3F4D61}.Debug|Any CPU.Build.0 = Debug|Any CPU
		{ABC30E4C-C64F-4A38-AB82-D4F59F3F4D61}.Release|Any CPU.ActiveCfg = Release|Any CPU
		{ABC30E4C-C64F-4A38-AB82-D4F59F3F4D61}.Release|Any CPU.Build.0 = Release|Any CPU
		{31354E18-E2E6-4B4A-87A7-2FFB98A42DA5}.Debug|Any CPU.ActiveCfg = Debug|Any CPU
		{31354E18-E2E6-4B4A-87A7-2FFB98A42DA5}.Debug|Any CPU.Build.0 = Debug|Any CPU
		{31354E18-E2E6-4B4A-87A7-2FFB98A42DA5}.Release|Any CPU.ActiveCfg = Release|Any CPU
		{31354E18-E2E6-4B4A-87A7-2FFB98A42DA5}.Release|Any CPU.Build.0 = Release|Any CPU
		{8A376DC0-95F7-4EAA-87A2-6B159C8042E1}.Debug|Any CPU.ActiveCfg = Debug|Any CPU
		{8A376DC0-95F7-4EAA-87A2-6B159C8042E1}.Debug|Any CPU.Build.0 = Debug|Any CPU
		{8A376DC0-95F7-4EAA-87A2-6B159C8042E1}.Release|Any CPU.ActiveCfg = Release|Any CPU
		{8A376DC0-95F7-4EAA-87A2-6B159C8042E1}.Release|Any CPU.Build.0 = Release|Any CPU
		{D5DC0A08-CBFE-4DE0-987A-59FD4D421E0C}.Debug|Any CPU.ActiveCfg = Debug|Any CPU
		{D5DC0A08-CBFE-4DE0-987A-59FD4D421E0C}.Debug|Any CPU.Build.0 = Debug|Any CPU
		{D5DC0A08-CBFE-4DE0-987A-59FD4D421E0C}.Release|Any CPU.ActiveCfg = Release|Any CPU
		{D5DC0A08-CBFE-4DE0-987A-59FD4D421E0C}.Release|Any CPU.Build.0 = Release|Any CPU
		{CC7F87AD-434C-42D2-8BA0-40800A1A1087}.Debug|Any CPU.ActiveCfg = Debug|Any CPU
		{CC7F87AD-434C-42D2-8BA0-40800A1A1087}.Debug|Any CPU.Build.0 = Debug|Any CPU
		{CC7F87AD-434C-42D2-8BA0-40800A1A1087}.Release|Any CPU.ActiveCfg = Release|Any CPU
		{CC7F87AD-434C-42D2-8BA0-40800A1A1087}.Release|Any CPU.Build.0 = Release|Any CPU
		{3100943D-39DA-47C9-B46F-0C9114EE107D}.Debug|Any CPU.ActiveCfg = Debug|Any CPU
		{3100943D-39DA-47C9-B46F-0C9114EE107D}.Debug|Any CPU.Build.0 = Debug|Any CPU
		{3100943D-39DA-47C9-B46F-0C9114EE107D}.Release|Any CPU.ActiveCfg = Release|Any CPU
		{3100943D-39DA-47C9-B46F-0C9114EE107D}.Release|Any CPU.Build.0 = Release|Any CPU
		{21CAB7C3-293B-4A3A-8541-5B0114F3631C}.Debug|Any CPU.ActiveCfg = Debug|Any CPU
		{21CAB7C3-293B-4A3A-8541-5B0114F3631C}.Debug|Any CPU.Build.0 = Debug|Any CPU
		{21CAB7C3-293B-4A3A-8541-5B0114F3631C}.Release|Any CPU.ActiveCfg = Release|Any CPU
		{21CAB7C3-293B-4A3A-8541-5B0114F3631C}.Release|Any CPU.Build.0 = Release|Any CPU
		{522D6D88-E361-49A5-AF84-E64D246B4557}.Debug|Any CPU.ActiveCfg = Debug|Any CPU
		{522D6D88-E361-49A5-AF84-E64D246B4557}.Debug|Any CPU.Build.0 = Debug|Any CPU
		{522D6D88-E361-49A5-AF84-E64D246B4557}.Release|Any CPU.ActiveCfg = Release|Any CPU
		{522D6D88-E361-49A5-AF84-E64D246B4557}.Release|Any CPU.Build.0 = Release|Any CPU
		{932FBE32-BE94-43CE-AD7D-909CB043F92D}.Debug|Any CPU.ActiveCfg = Debug|Any CPU
		{932FBE32-BE94-43CE-AD7D-909CB043F92D}.Debug|Any CPU.Build.0 = Debug|Any CPU
		{932FBE32-BE94-43CE-AD7D-909CB043F92D}.Release|Any CPU.ActiveCfg = Release|Any CPU
		{932FBE32-BE94-43CE-AD7D-909CB043F92D}.Release|Any CPU.Build.0 = Release|Any CPU
		{871FA5A9-0153-4678-94E1-B96572854C05}.Debug|Any CPU.ActiveCfg = Debug|Any CPU
		{871FA5A9-0153-4678-94E1-B96572854C05}.Debug|Any CPU.Build.0 = Debug|Any CPU
		{871FA5A9-0153-4678-94E1-B96572854C05}.Release|Any CPU.ActiveCfg = Release|Any CPU
		{871FA5A9-0153-4678-94E1-B96572854C05}.Release|Any CPU.Build.0 = Release|Any CPU
		{4E3F89CF-028C-4D3D-880A-2C0FE9EF7123}.Debug|Any CPU.ActiveCfg = Debug|Any CPU
		{4E3F89CF-028C-4D3D-880A-2C0FE9EF7123}.Debug|Any CPU.Build.0 = Debug|Any CPU
		{4E3F89CF-028C-4D3D-880A-2C0FE9EF7123}.Release|Any CPU.ActiveCfg = Release|Any CPU
		{4E3F89CF-028C-4D3D-880A-2C0FE9EF7123}.Release|Any CPU.Build.0 = Release|Any CPU
		{5ECBDE88-632A-43A2-BFA0-D0AE85DEE190}.Debug|Any CPU.ActiveCfg = Debug|Any CPU
		{5ECBDE88-632A-43A2-BFA0-D0AE85DEE190}.Debug|Any CPU.Build.0 = Debug|Any CPU
		{5ECBDE88-632A-43A2-BFA0-D0AE85DEE190}.Release|Any CPU.ActiveCfg = Release|Any CPU
		{5ECBDE88-632A-43A2-BFA0-D0AE85DEE190}.Release|Any CPU.Build.0 = Release|Any CPU
		{460C6F65-56D5-4C24-A13B-117AF2D55222}.Debug|Any CPU.ActiveCfg = Debug|Any CPU
		{460C6F65-56D5-4C24-A13B-117AF2D55222}.Debug|Any CPU.Build.0 = Debug|Any CPU
		{460C6F65-56D5-4C24-A13B-117AF2D55222}.Release|Any CPU.ActiveCfg = Release|Any CPU
		{460C6F65-56D5-4C24-A13B-117AF2D55222}.Release|Any CPU.Build.0 = Release|Any CPU
		{E43C640B-7009-4771-A2DE-C48C94D7768C}.Debug|Any CPU.ActiveCfg = Debug|Any CPU
		{E43C640B-7009-4771-A2DE-C48C94D7768C}.Debug|Any CPU.Build.0 = Debug|Any CPU
		{E43C640B-7009-4771-A2DE-C48C94D7768C}.Release|Any CPU.ActiveCfg = Release|Any CPU
		{E43C640B-7009-4771-A2DE-C48C94D7768C}.Release|Any CPU.Build.0 = Release|Any CPU
		{21EB3E45-3D2F-45AE-BBF8-90CADDAFADDC}.Debug|Any CPU.ActiveCfg = Debug|Any CPU
		{21EB3E45-3D2F-45AE-BBF8-90CADDAFADDC}.Debug|Any CPU.Build.0 = Debug|Any CPU
		{21EB3E45-3D2F-45AE-BBF8-90CADDAFADDC}.Release|Any CPU.ActiveCfg = Release|Any CPU
		{21EB3E45-3D2F-45AE-BBF8-90CADDAFADDC}.Release|Any CPU.Build.0 = Release|Any CPU
		{F58F6F61-74F6-4021-940B-12C104F38CE1}.Debug|Any CPU.ActiveCfg = Debug|Any CPU
		{F58F6F61-74F6-4021-940B-12C104F38CE1}.Debug|Any CPU.Build.0 = Debug|Any CPU
		{F58F6F61-74F6-4021-940B-12C104F38CE1}.Release|Any CPU.ActiveCfg = Release|Any CPU
		{F58F6F61-74F6-4021-940B-12C104F38CE1}.Release|Any CPU.Build.0 = Release|Any CPU
		{70CB4C1B-148C-4103-BA1F-F91B52BF905C}.Debug|Any CPU.ActiveCfg = Debug|Any CPU
		{70CB4C1B-148C-4103-BA1F-F91B52BF905C}.Debug|Any CPU.Build.0 = Debug|Any CPU
		{70CB4C1B-148C-4103-BA1F-F91B52BF905C}.Release|Any CPU.ActiveCfg = Release|Any CPU
		{70CB4C1B-148C-4103-BA1F-F91B52BF905C}.Release|Any CPU.Build.0 = Release|Any CPU
		{EA6668E3-CDC1-4DDF-ACE7-A6D02D56EC25}.Debug|Any CPU.ActiveCfg = Debug|Any CPU
		{EA6668E3-CDC1-4DDF-ACE7-A6D02D56EC25}.Debug|Any CPU.Build.0 = Debug|Any CPU
		{EA6668E3-CDC1-4DDF-ACE7-A6D02D56EC25}.Release|Any CPU.ActiveCfg = Release|Any CPU
		{EA6668E3-CDC1-4DDF-ACE7-A6D02D56EC25}.Release|Any CPU.Build.0 = Release|Any CPU
		{08B545D9-EFE2-45BC-85EC-CA706F703B0B}.Debug|Any CPU.ActiveCfg = Debug|Any CPU
		{08B545D9-EFE2-45BC-85EC-CA706F703B0B}.Debug|Any CPU.Build.0 = Debug|Any CPU
		{08B545D9-EFE2-45BC-85EC-CA706F703B0B}.Release|Any CPU.ActiveCfg = Release|Any CPU
		{08B545D9-EFE2-45BC-85EC-CA706F703B0B}.Release|Any CPU.Build.0 = Release|Any CPU
		{D3A5585D-657C-4D65-A30F-BABC970FBB6B}.Debug|Any CPU.ActiveCfg = Debug|Any CPU
		{D3A5585D-657C-4D65-A30F-BABC970FBB6B}.Debug|Any CPU.Build.0 = Debug|Any CPU
		{D3A5585D-657C-4D65-A30F-BABC970FBB6B}.Release|Any CPU.ActiveCfg = Release|Any CPU
		{D3A5585D-657C-4D65-A30F-BABC970FBB6B}.Release|Any CPU.Build.0 = Release|Any CPU
		{888FF461-8449-4B86-8EA2-760385F89545}.Debug|Any CPU.ActiveCfg = Debug|Any CPU
		{888FF461-8449-4B86-8EA2-760385F89545}.Debug|Any CPU.Build.0 = Debug|Any CPU
		{888FF461-8449-4B86-8EA2-760385F89545}.Release|Any CPU.ActiveCfg = Release|Any CPU
		{888FF461-8449-4B86-8EA2-760385F89545}.Release|Any CPU.Build.0 = Release|Any CPU
		{2A2C29A2-150A-483C-96B5-CF25765A63CC}.Debug|Any CPU.ActiveCfg = Debug|Any CPU
		{2A2C29A2-150A-483C-96B5-CF25765A63CC}.Debug|Any CPU.Build.0 = Debug|Any CPU
		{2A2C29A2-150A-483C-96B5-CF25765A63CC}.Release|Any CPU.ActiveCfg = Release|Any CPU
		{2A2C29A2-150A-483C-96B5-CF25765A63CC}.Release|Any CPU.Build.0 = Release|Any CPU
		{421D4FBA-9558-4826-9D06-9E67EECA37C1}.Debug|Any CPU.ActiveCfg = Debug|Any CPU
		{421D4FBA-9558-4826-9D06-9E67EECA37C1}.Debug|Any CPU.Build.0 = Debug|Any CPU
		{421D4FBA-9558-4826-9D06-9E67EECA37C1}.Release|Any CPU.ActiveCfg = Release|Any CPU
		{421D4FBA-9558-4826-9D06-9E67EECA37C1}.Release|Any CPU.Build.0 = Release|Any CPU
		{39A80836-C08E-4F7B-AAB7-0F93CD41B70D}.Debug|Any CPU.ActiveCfg = Debug|Any CPU
		{39A80836-C08E-4F7B-AAB7-0F93CD41B70D}.Debug|Any CPU.Build.0 = Debug|Any CPU
		{39A80836-C08E-4F7B-AAB7-0F93CD41B70D}.Release|Any CPU.ActiveCfg = Release|Any CPU
		{39A80836-C08E-4F7B-AAB7-0F93CD41B70D}.Release|Any CPU.Build.0 = Release|Any CPU
		{497CA9BC-8DC9-40BD-A184-5167037BEFA7}.Debug|Any CPU.ActiveCfg = Debug|Any CPU
		{497CA9BC-8DC9-40BD-A184-5167037BEFA7}.Debug|Any CPU.Build.0 = Debug|Any CPU
		{497CA9BC-8DC9-40BD-A184-5167037BEFA7}.Release|Any CPU.ActiveCfg = Release|Any CPU
		{497CA9BC-8DC9-40BD-A184-5167037BEFA7}.Release|Any CPU.Build.0 = Release|Any CPU
		{49E4FE66-A1BB-44BB-8291-2D43E46555F1}.Debug|Any CPU.ActiveCfg = Debug|Any CPU
		{49E4FE66-A1BB-44BB-8291-2D43E46555F1}.Debug|Any CPU.Build.0 = Debug|Any CPU
		{49E4FE66-A1BB-44BB-8291-2D43E46555F1}.Release|Any CPU.ActiveCfg = Release|Any CPU
		{49E4FE66-A1BB-44BB-8291-2D43E46555F1}.Release|Any CPU.Build.0 = Release|Any CPU
		{7E7E5F5A-A4B3-4ED0-BB26-2567EF5803DF}.Debug|Any CPU.ActiveCfg = Debug|Any CPU
		{7E7E5F5A-A4B3-4ED0-BB26-2567EF5803DF}.Debug|Any CPU.Build.0 = Debug|Any CPU
		{7E7E5F5A-A4B3-4ED0-BB26-2567EF5803DF}.Release|Any CPU.ActiveCfg = Release|Any CPU
		{7E7E5F5A-A4B3-4ED0-BB26-2567EF5803DF}.Release|Any CPU.Build.0 = Release|Any CPU
		{4F959DED-375A-4701-85E1-A5206A8E74DB}.Debug|Any CPU.ActiveCfg = Debug|Any CPU
		{4F959DED-375A-4701-85E1-A5206A8E74DB}.Debug|Any CPU.Build.0 = Debug|Any CPU
		{4F959DED-375A-4701-85E1-A5206A8E74DB}.Release|Any CPU.ActiveCfg = Release|Any CPU
		{4F959DED-375A-4701-85E1-A5206A8E74DB}.Release|Any CPU.Build.0 = Release|Any CPU
		{E3C33B3A-0843-4158-8015-C1B88BE0D27B}.Debug|Any CPU.ActiveCfg = Debug|Any CPU
		{E3C33B3A-0843-4158-8015-C1B88BE0D27B}.Debug|Any CPU.Build.0 = Debug|Any CPU
		{E3C33B3A-0843-4158-8015-C1B88BE0D27B}.Release|Any CPU.ActiveCfg = Release|Any CPU
		{E3C33B3A-0843-4158-8015-C1B88BE0D27B}.Release|Any CPU.Build.0 = Release|Any CPU
		{4757EEA8-BB8D-4D63-B615-CF2274CC6C1B}.Debug|Any CPU.ActiveCfg = Debug|Any CPU
		{4757EEA8-BB8D-4D63-B615-CF2274CC6C1B}.Debug|Any CPU.Build.0 = Debug|Any CPU
		{4757EEA8-BB8D-4D63-B615-CF2274CC6C1B}.Release|Any CPU.ActiveCfg = Release|Any CPU
		{4757EEA8-BB8D-4D63-B615-CF2274CC6C1B}.Release|Any CPU.Build.0 = Release|Any CPU
		{F538B4FA-1CFB-493F-8DEF-264CE0AF86BC}.Debug|Any CPU.ActiveCfg = Debug|Any CPU
		{F538B4FA-1CFB-493F-8DEF-264CE0AF86BC}.Debug|Any CPU.Build.0 = Debug|Any CPU
		{F538B4FA-1CFB-493F-8DEF-264CE0AF86BC}.Release|Any CPU.ActiveCfg = Release|Any CPU
		{F538B4FA-1CFB-493F-8DEF-264CE0AF86BC}.Release|Any CPU.Build.0 = Release|Any CPU
		{1CA2A0B5-84BF-4464-B7C3-07EF2EADD9EE}.Debug|Any CPU.ActiveCfg = Debug|Any CPU
		{1CA2A0B5-84BF-4464-B7C3-07EF2EADD9EE}.Debug|Any CPU.Build.0 = Debug|Any CPU
		{1CA2A0B5-84BF-4464-B7C3-07EF2EADD9EE}.Release|Any CPU.ActiveCfg = Release|Any CPU
		{1CA2A0B5-84BF-4464-B7C3-07EF2EADD9EE}.Release|Any CPU.Build.0 = Release|Any CPU
		{EAF08B3B-F4A5-485A-948E-8DA394C9EBD6}.Debug|Any CPU.ActiveCfg = Debug|Any CPU
		{EAF08B3B-F4A5-485A-948E-8DA394C9EBD6}.Debug|Any CPU.Build.0 = Debug|Any CPU
		{EAF08B3B-F4A5-485A-948E-8DA394C9EBD6}.Release|Any CPU.ActiveCfg = Release|Any CPU
		{EAF08B3B-F4A5-485A-948E-8DA394C9EBD6}.Release|Any CPU.Build.0 = Release|Any CPU
		{874E74B8-DFB7-4803-BDC5-B9465A977616}.Debug|Any CPU.ActiveCfg = Debug|Any CPU
		{874E74B8-DFB7-4803-BDC5-B9465A977616}.Debug|Any CPU.Build.0 = Debug|Any CPU
		{874E74B8-DFB7-4803-BDC5-B9465A977616}.Release|Any CPU.ActiveCfg = Release|Any CPU
		{874E74B8-DFB7-4803-BDC5-B9465A977616}.Release|Any CPU.Build.0 = Release|Any CPU
	EndGlobalSection
	GlobalSection(SolutionProperties) = preSolution
		HideSolutionNode = FALSE
	EndGlobalSection
	GlobalSection(ExtensibilityGlobals) = postSolution
		SolutionGuid = {9C0D55C4-5BDD-4884-914A-D20878E0E8D0}
	EndGlobalSection
EndGlobal
